// !$*UTF8*$!
{
	archiveVersion = 1;
	classes = {
	};
	objectVersion = 56;
	objects = {

/* Begin PBXBuildFile section */
		4CE23DB32A13987E00D875E8 /* AppDelegate.swift in Sources */ = {isa = PBXBuildFile; fileRef = 4CE23DB22A13987E00D875E8 /* AppDelegate.swift */; };
		4CE23DB52A13987E00D875E8 /* SceneDelegate.swift in Sources */ = {isa = PBXBuildFile; fileRef = 4CE23DB42A13987E00D875E8 /* SceneDelegate.swift */; };
		4CE23DB72A13987E00D875E8 /* ViewController.swift in Sources */ = {isa = PBXBuildFile; fileRef = 4CE23DB62A13987E00D875E8 /* ViewController.swift */; };
		4CE23DBA2A13987E00D875E8 /* Main.storyboard in Resources */ = {isa = PBXBuildFile; fileRef = 4CE23DB82A13987E00D875E8 /* Main.storyboard */; };
		4CE23DBC2A13988100D875E8 /* Assets.xcassets in Resources */ = {isa = PBXBuildFile; fileRef = 4CE23DBB2A13988100D875E8 /* Assets.xcassets */; };
		4CE23DBF2A13988100D875E8 /* LaunchScreen.storyboard in Resources */ = {isa = PBXBuildFile; fileRef = 4CE23DBD2A13988100D875E8 /* LaunchScreen.storyboard */; };
		4CE23DCA2A13988100D875E8 /* BlinqPayTests.swift in Sources */ = {isa = PBXBuildFile; fileRef = 4CE23DC92A13988100D875E8 /* BlinqPayTests.swift */; };
		4CE23DD42A13988100D875E8 /* BlinqPayUITests.swift in Sources */ = {isa = PBXBuildFile; fileRef = 4CE23DD32A13988100D875E8 /* BlinqPayUITests.swift */; };
		4CE23DD62A13988100D875E8 /* BlinqPayUITestsLaunchTests.swift in Sources */ = {isa = PBXBuildFile; fileRef = 4CE23DD52A13988100D875E8 /* BlinqPayUITestsLaunchTests.swift */; };
/* End PBXBuildFile section */

/* Begin PBXContainerItemProxy section */
		4CE23DC62A13988100D875E8 /* PBXContainerItemProxy */ = {
			isa = PBXContainerItemProxy;
			containerPortal = 4CE23DA72A13987E00D875E8 /* Project object */;
			proxyType = 1;
			remoteGlobalIDString = 4CE23DAE2A13987E00D875E8;
			remoteInfo = BlinqPay;
		};
		4CE23DD02A13988100D875E8 /* PBXContainerItemProxy */ = {
			isa = PBXContainerItemProxy;
			containerPortal = 4CE23DA72A13987E00D875E8 /* Project object */;
			proxyType = 1;
			remoteGlobalIDString = 4CE23DAE2A13987E00D875E8;
			remoteInfo = BlinqPay;
		};
/* End PBXContainerItemProxy section */

/* Begin PBXFileReference section */
		4CE23DAF2A13987E00D875E8 /* BlinqPay.app */ = {isa = PBXFileReference; explicitFileType = wrapper.application; includeInIndex = 0; path = BlinqPay.app; sourceTree = BUILT_PRODUCTS_DIR; };
		4CE23DB22A13987E00D875E8 /* AppDelegate.swift */ = {isa = PBXFileReference; lastKnownFileType = sourcecode.swift; path = AppDelegate.swift; sourceTree = "<group>"; };
		4CE23DB42A13987E00D875E8 /* SceneDelegate.swift */ = {isa = PBXFileReference; lastKnownFileType = sourcecode.swift; path = SceneDelegate.swift; sourceTree = "<group>"; };
		4CE23DB62A13987E00D875E8 /* ViewController.swift */ = {isa = PBXFileReference; lastKnownFileType = sourcecode.swift; path = ViewController.swift; sourceTree = "<group>"; };
		4CE23DB92A13987E00D875E8 /* Base */ = {isa = PBXFileReference; lastKnownFileType = file.storyboard; name = Base; path = Base.lproj/Main.storyboard; sourceTree = "<group>"; };
		4CE23DBB2A13988100D875E8 /* Assets.xcassets */ = {isa = PBXFileReference; lastKnownFileType = folder.assetcatalog; path = Assets.xcassets; sourceTree = "<group>"; };
		4CE23DBE2A13988100D875E8 /* Base */ = {isa = PBXFileReference; lastKnownFileType = file.storyboard; name = Base; path = Base.lproj/LaunchScreen.storyboard; sourceTree = "<group>"; };
		4CE23DC02A13988100D875E8 /* Info.plist */ = {isa = PBXFileReference; lastKnownFileType = text.plist.xml; path = Info.plist; sourceTree = "<group>"; };
		4CE23DC52A13988100D875E8 /* BlinqPayTests.xctest */ = {isa = PBXFileReference; explicitFileType = wrapper.cfbundle; includeInIndex = 0; path = BlinqPayTests.xctest; sourceTree = BUILT_PRODUCTS_DIR; };
		4CE23DC92A13988100D875E8 /* BlinqPayTests.swift */ = {isa = PBXFileReference; lastKnownFileType = sourcecode.swift; path = BlinqPayTests.swift; sourceTree = "<group>"; };
		4CE23DCF2A13988100D875E8 /* BlinqPayUITests.xctest */ = {isa = PBXFileReference; explicitFileType = wrapper.cfbundle; includeInIndex = 0; path = BlinqPayUITests.xctest; sourceTree = BUILT_PRODUCTS_DIR; };
		4CE23DD32A13988100D875E8 /* BlinqPayUITests.swift */ = {isa = PBXFileReference; lastKnownFileType = sourcecode.swift; path = BlinqPayUITests.swift; sourceTree = "<group>"; };
		4CE23DD52A13988100D875E8 /* BlinqPayUITestsLaunchTests.swift */ = {isa = PBXFileReference; lastKnownFileType = sourcecode.swift; path = BlinqPayUITestsLaunchTests.swift; sourceTree = "<group>"; };
/* End PBXFileReference section */

/* Begin PBXFrameworksBuildPhase section */
		4CE23DAC2A13987E00D875E8 /* Frameworks */ = {
			isa = PBXFrameworksBuildPhase;
			buildActionMask = 2147483647;
			files = (
			);
			runOnlyForDeploymentPostprocessing = 0;
		};
		4CE23DC22A13988100D875E8 /* Frameworks */ = {
			isa = PBXFrameworksBuildPhase;
			buildActionMask = 2147483647;
			files = (
			);
			runOnlyForDeploymentPostprocessing = 0;
		};
		4CE23DCC2A13988100D875E8 /* Frameworks */ = {
			isa = PBXFrameworksBuildPhase;
			buildActionMask = 2147483647;
			files = (
			);
			runOnlyForDeploymentPostprocessing = 0;
		};
/* End PBXFrameworksBuildPhase section */

/* Begin PBXGroup section */
		4CE23DA62A13987E00D875E8 = {
			isa = PBXGroup;
			children = (
				4CE23DB12A13987E00D875E8 /* BlinqPay */,
				4CE23DC82A13988100D875E8 /* BlinqPayTests */,
				4CE23DD22A13988100D875E8 /* BlinqPayUITests */,
				4CE23DB02A13987E00D875E8 /* Products */,
			);
			sourceTree = "<group>";
		};
		4CE23DB02A13987E00D875E8 /* Products */ = {
			isa = PBXGroup;
			children = (
				4CE23DAF2A13987E00D875E8 /* BlinqPay.app */,
				4CE23DC52A13988100D875E8 /* BlinqPayTests.xctest */,
				4CE23DCF2A13988100D875E8 /* BlinqPayUITests.xctest */,
			);
			name = Products;
			sourceTree = "<group>";
		};
		4CE23DB12A13987E00D875E8 /* BlinqPay */ = {
			isa = PBXGroup;
			children = (
				4CE23DB22A13987E00D875E8 /* AppDelegate.swift */,
				4CE23DB42A13987E00D875E8 /* SceneDelegate.swift */,
				4CE23DB62A13987E00D875E8 /* ViewController.swift */,
				4CE23DB82A13987E00D875E8 /* Main.storyboard */,
				4CE23DBB2A13988100D875E8 /* Assets.xcassets */,
				4CE23DBD2A13988100D875E8 /* LaunchScreen.storyboard */,
				4CE23DC02A13988100D875E8 /* Info.plist */,
			);
			path = BlinqPay;
			sourceTree = "<group>";
		};
		4CE23DC82A13988100D875E8 /* BlinqPayTests */ = {
			isa = PBXGroup;
			children = (
				4CE23DC92A13988100D875E8 /* BlinqPayTests.swift */,
			);
			path = BlinqPayTests;
			sourceTree = "<group>";
		};
		4CE23DD22A13988100D875E8 /* BlinqPayUITests */ = {
			isa = PBXGroup;
			children = (
				4CE23DD32A13988100D875E8 /* BlinqPayUITests.swift */,
				4CE23DD52A13988100D875E8 /* BlinqPayUITestsLaunchTests.swift */,
			);
			path = BlinqPayUITests;
			sourceTree = "<group>";
		};
/* End PBXGroup section */

/* Begin PBXNativeTarget section */
		4CE23DAE2A13987E00D875E8 /* BlinqPay */ = {
			isa = PBXNativeTarget;
			buildConfigurationList = 4CE23DD92A13988100D875E8 /* Build configuration list for PBXNativeTarget "BlinqPay" */;
			buildPhases = (
				4CE23DAB2A13987E00D875E8 /* Sources */,
				4CE23DAC2A13987E00D875E8 /* Frameworks */,
				4CE23DAD2A13987E00D875E8 /* Resources */,
			);
			buildRules = (
			);
			dependencies = (
			);
			name = BlinqPay;
			productName = BlinqPay;
			productReference = 4CE23DAF2A13987E00D875E8 /* BlinqPay.app */;
			productType = "com.apple.product-type.application";
		};
		4CE23DC42A13988100D875E8 /* BlinqPayTests */ = {
			isa = PBXNativeTarget;
			buildConfigurationList = 4CE23DDC2A13988100D875E8 /* Build configuration list for PBXNativeTarget "BlinqPayTests" */;
			buildPhases = (
				4CE23DC12A13988100D875E8 /* Sources */,
				4CE23DC22A13988100D875E8 /* Frameworks */,
				4CE23DC32A13988100D875E8 /* Resources */,
			);
			buildRules = (
			);
			dependencies = (
				4CE23DC72A13988100D875E8 /* PBXTargetDependency */,
			);
			name = BlinqPayTests;
			productName = BlinqPayTests;
			productReference = 4CE23DC52A13988100D875E8 /* BlinqPayTests.xctest */;
			productType = "com.apple.product-type.bundle.unit-test";
		};
		4CE23DCE2A13988100D875E8 /* BlinqPayUITests */ = {
			isa = PBXNativeTarget;
			buildConfigurationList = 4CE23DDF2A13988100D875E8 /* Build configuration list for PBXNativeTarget "BlinqPayUITests" */;
			buildPhases = (
				4CE23DCB2A13988100D875E8 /* Sources */,
				4CE23DCC2A13988100D875E8 /* Frameworks */,
				4CE23DCD2A13988100D875E8 /* Resources */,
			);
			buildRules = (
			);
			dependencies = (
				4CE23DD12A13988100D875E8 /* PBXTargetDependency */,
			);
			name = BlinqPayUITests;
			productName = BlinqPayUITests;
			productReference = 4CE23DCF2A13988100D875E8 /* BlinqPayUITests.xctest */;
			productType = "com.apple.product-type.bundle.ui-testing";
		};
/* End PBXNativeTarget section */

/* Begin PBXProject section */
		4CE23DA72A13987E00D875E8 /* Project object */ = {
			isa = PBXProject;
			attributes = {
				BuildIndependentTargetsInParallel = 1;
				LastSwiftUpdateCheck = 1420;
				LastUpgradeCheck = 1420;
				TargetAttributes = {
					4CE23DAE2A13987E00D875E8 = {
						CreatedOnToolsVersion = 14.2;
					};
					4CE23DC42A13988100D875E8 = {
						CreatedOnToolsVersion = 14.2;
						TestTargetID = 4CE23DAE2A13987E00D875E8;
					};
					4CE23DCE2A13988100D875E8 = {
						CreatedOnToolsVersion = 14.2;
						TestTargetID = 4CE23DAE2A13987E00D875E8;
					};
				};
			};
			buildConfigurationList = 4CE23DAA2A13987E00D875E8 /* Build configuration list for PBXProject "BlinqPay" */;
			compatibilityVersion = "Xcode 14.0";
			developmentRegion = en;
			hasScannedForEncodings = 0;
			knownRegions = (
				en,
				Base,
			);
			mainGroup = 4CE23DA62A13987E00D875E8;
			productRefGroup = 4CE23DB02A13987E00D875E8 /* Products */;
			projectDirPath = "";
			projectRoot = "";
			targets = (
				4CE23DAE2A13987E00D875E8 /* BlinqPay */,
				4CE23DC42A13988100D875E8 /* BlinqPayTests */,
				4CE23DCE2A13988100D875E8 /* BlinqPayUITests */,
			);
		};
/* End PBXProject section */

/* Begin PBXResourcesBuildPhase section */
		4CE23DAD2A13987E00D875E8 /* Resources */ = {
			isa = PBXResourcesBuildPhase;
			buildActionMask = 2147483647;
			files = (
				4CE23DBF2A13988100D875E8 /* LaunchScreen.storyboard in Resources */,
				4CE23DBC2A13988100D875E8 /* Assets.xcassets in Resources */,
				4CE23DBA2A13987E00D875E8 /* Main.storyboard in Resources */,
			);
			runOnlyForDeploymentPostprocessing = 0;
		};
		4CE23DC32A13988100D875E8 /* Resources */ = {
			isa = PBXResourcesBuildPhase;
			buildActionMask = 2147483647;
			files = (
			);
			runOnlyForDeploymentPostprocessing = 0;
		};
		4CE23DCD2A13988100D875E8 /* Resources */ = {
			isa = PBXResourcesBuildPhase;
			buildActionMask = 2147483647;
			files = (
			);
			runOnlyForDeploymentPostprocessing = 0;
		};
/* End PBXResourcesBuildPhase section */

/* Begin PBXSourcesBuildPhase section */
		4CE23DAB2A13987E00D875E8 /* Sources */ = {
			isa = PBXSourcesBuildPhase;
			buildActionMask = 2147483647;
			files = (
				4CE23DB72A13987E00D875E8 /* ViewController.swift in Sources */,
				4CE23DB32A13987E00D875E8 /* AppDelegate.swift in Sources */,
				4CE23DB52A13987E00D875E8 /* SceneDelegate.swift in Sources */,
			);
			runOnlyForDeploymentPostprocessing = 0;
		};
		4CE23DC12A13988100D875E8 /* Sources */ = {
			isa = PBXSourcesBuildPhase;
			buildActionMask = 2147483647;
			files = (
				4CE23DCA2A13988100D875E8 /* BlinqPayTests.swift in Sources */,
			);
			runOnlyForDeploymentPostprocessing = 0;
		};
		4CE23DCB2A13988100D875E8 /* Sources */ = {
			isa = PBXSourcesBuildPhase;
			buildActionMask = 2147483647;
			files = (
				4CE23DD62A13988100D875E8 /* BlinqPayUITestsLaunchTests.swift in Sources */,
				4CE23DD42A13988100D875E8 /* BlinqPayUITests.swift in Sources */,
			);
			runOnlyForDeploymentPostprocessing = 0;
		};
/* End PBXSourcesBuildPhase section */

/* Begin PBXTargetDependency section */
		4CE23DC72A13988100D875E8 /* PBXTargetDependency */ = {
			isa = PBXTargetDependency;
			target = 4CE23DAE2A13987E00D875E8 /* BlinqPay */;
			targetProxy = 4CE23DC62A13988100D875E8 /* PBXContainerItemProxy */;
		};
		4CE23DD12A13988100D875E8 /* PBXTargetDependency */ = {
			isa = PBXTargetDependency;
			target = 4CE23DAE2A13987E00D875E8 /* BlinqPay */;
			targetProxy = 4CE23DD02A13988100D875E8 /* PBXContainerItemProxy */;
		};
/* End PBXTargetDependency section */

/* Begin PBXVariantGroup section */
		4CE23DB82A13987E00D875E8 /* Main.storyboard */ = {
			isa = PBXVariantGroup;
			children = (
				4CE23DB92A13987E00D875E8 /* Base */,
			);
			name = Main.storyboard;
			sourceTree = "<group>";
		};
		4CE23DBD2A13988100D875E8 /* LaunchScreen.storyboard */ = {
			isa = PBXVariantGroup;
			children = (
				4CE23DBE2A13988100D875E8 /* Base */,
			);
			name = LaunchScreen.storyboard;
			sourceTree = "<group>";
		};
/* End PBXVariantGroup section */

/* Begin XCBuildConfiguration section */
		4CE23DD72A13988100D875E8 /* Debug */ = {
			isa = XCBuildConfiguration;
			buildSettings = {
				ALWAYS_SEARCH_USER_PATHS = NO;
				CLANG_ANALYZER_NONNULL = YES;
				CLANG_ANALYZER_NUMBER_OBJECT_CONVERSION = YES_AGGRESSIVE;
				CLANG_CXX_LANGUAGE_STANDARD = "gnu++20";
				CLANG_ENABLE_MODULES = YES;
				CLANG_ENABLE_OBJC_ARC = YES;
				CLANG_ENABLE_OBJC_WEAK = YES;
				CLANG_WARN_BLOCK_CAPTURE_AUTORELEASING = YES;
				CLANG_WARN_BOOL_CONVERSION = YES;
				CLANG_WARN_COMMA = YES;
				CLANG_WARN_CONSTANT_CONVERSION = YES;
				CLANG_WARN_DEPRECATED_OBJC_IMPLEMENTATIONS = YES;
				CLANG_WARN_DIRECT_OBJC_ISA_USAGE = YES_ERROR;
				CLANG_WARN_DOCUMENTATION_COMMENTS = YES;
				CLANG_WARN_EMPTY_BODY = YES;
				CLANG_WARN_ENUM_CONVERSION = YES;
				CLANG_WARN_INFINITE_RECURSION = YES;
				CLANG_WARN_INT_CONVERSION = YES;
				CLANG_WARN_NON_LITERAL_NULL_CONVERSION = YES;
				CLANG_WARN_OBJC_IMPLICIT_RETAIN_SELF = YES;
				CLANG_WARN_OBJC_LITERAL_CONVERSION = YES;
				CLANG_WARN_OBJC_ROOT_CLASS = YES_ERROR;
				CLANG_WARN_QUOTED_INCLUDE_IN_FRAMEWORK_HEADER = YES;
				CLANG_WARN_RANGE_LOOP_ANALYSIS = YES;
				CLANG_WARN_STRICT_PROTOTYPES = YES;
				CLANG_WARN_SUSPICIOUS_MOVE = YES;
				CLANG_WARN_UNGUARDED_AVAILABILITY = YES_AGGRESSIVE;
				CLANG_WARN_UNREACHABLE_CODE = YES;
				CLANG_WARN__DUPLICATE_METHOD_MATCH = YES;
				COPY_PHASE_STRIP = NO;
				DEBUG_INFORMATION_FORMAT = dwarf;
				ENABLE_STRICT_OBJC_MSGSEND = YES;
				ENABLE_TESTABILITY = YES;
				GCC_C_LANGUAGE_STANDARD = gnu11;
				GCC_DYNAMIC_NO_PIC = NO;
				GCC_NO_COMMON_BLOCKS = YES;
				GCC_OPTIMIZATION_LEVEL = 0;
				GCC_PREPROCESSOR_DEFINITIONS = (
					"DEBUG=1",
					"$(inherited)",
				);
				GCC_WARN_64_TO_32_BIT_CONVERSION = YES;
				GCC_WARN_ABOUT_RETURN_TYPE = YES_ERROR;
				GCC_WARN_UNDECLARED_SELECTOR = YES;
				GCC_WARN_UNINITIALIZED_AUTOS = YES_AGGRESSIVE;
				GCC_WARN_UNUSED_FUNCTION = YES;
				GCC_WARN_UNUSED_VARIABLE = YES;
				IPHONEOS_DEPLOYMENT_TARGET = 16.2;
				MTL_ENABLE_DEBUG_INFO = INCLUDE_SOURCE;
				MTL_FAST_MATH = YES;
				ONLY_ACTIVE_ARCH = YES;
				SDKROOT = iphoneos;
				SWIFT_ACTIVE_COMPILATION_CONDITIONS = DEBUG;
				SWIFT_OPTIMIZATION_LEVEL = "-Onone";
			};
			name = Debug;
		};
		4CE23DD82A13988100D875E8 /* Release */ = {
			isa = XCBuildConfiguration;
			buildSettings = {
				ALWAYS_SEARCH_USER_PATHS = NO;
				CLANG_ANALYZER_NONNULL = YES;
				CLANG_ANALYZER_NUMBER_OBJECT_CONVERSION = YES_AGGRESSIVE;
				CLANG_CXX_LANGUAGE_STANDARD = "gnu++20";
				CLANG_ENABLE_MODULES = YES;
				CLANG_ENABLE_OBJC_ARC = YES;
				CLANG_ENABLE_OBJC_WEAK = YES;
				CLANG_WARN_BLOCK_CAPTURE_AUTORELEASING = YES;
				CLANG_WARN_BOOL_CONVERSION = YES;
				CLANG_WARN_COMMA = YES;
				CLANG_WARN_CONSTANT_CONVERSION = YES;
				CLANG_WARN_DEPRECATED_OBJC_IMPLEMENTATIONS = YES;
				CLANG_WARN_DIRECT_OBJC_ISA_USAGE = YES_ERROR;
				CLANG_WARN_DOCUMENTATION_COMMENTS = YES;
				CLANG_WARN_EMPTY_BODY = YES;
				CLANG_WARN_ENUM_CONVERSION = YES;
				CLANG_WARN_INFINITE_RECURSION = YES;
				CLANG_WARN_INT_CONVERSION = YES;
				CLANG_WARN_NON_LITERAL_NULL_CONVERSION = YES;
				CLANG_WARN_OBJC_IMPLICIT_RETAIN_SELF = YES;
				CLANG_WARN_OBJC_LITERAL_CONVERSION = YES;
				CLANG_WARN_OBJC_ROOT_CLASS = YES_ERROR;
				CLANG_WARN_QUOTED_INCLUDE_IN_FRAMEWORK_HEADER = YES;
				CLANG_WARN_RANGE_LOOP_ANALYSIS = YES;
				CLANG_WARN_STRICT_PROTOTYPES = YES;
				CLANG_WARN_SUSPICIOUS_MOVE = YES;
				CLANG_WARN_UNGUARDED_AVAILABILITY = YES_AGGRESSIVE;
				CLANG_WARN_UNREACHABLE_CODE = YES;
				CLANG_WARN__DUPLICATE_METHOD_MATCH = YES;
				COPY_PHASE_STRIP = NO;
				DEBUG_INFORMATION_FORMAT = "dwarf-with-dsym";
				ENABLE_NS_ASSERTIONS = NO;
				ENABLE_STRICT_OBJC_MSGSEND = YES;
				GCC_C_LANGUAGE_STANDARD = gnu11;
				GCC_NO_COMMON_BLOCKS = YES;
				GCC_WARN_64_TO_32_BIT_CONVERSION = YES;
				GCC_WARN_ABOUT_RETURN_TYPE = YES_ERROR;
				GCC_WARN_UNDECLARED_SELECTOR = YES;
				GCC_WARN_UNINITIALIZED_AUTOS = YES_AGGRESSIVE;
				GCC_WARN_UNUSED_FUNCTION = YES;
				GCC_WARN_UNUSED_VARIABLE = YES;
				IPHONEOS_DEPLOYMENT_TARGET = 16.2;
				MTL_ENABLE_DEBUG_INFO = NO;
				MTL_FAST_MATH = YES;
				SDKROOT = iphoneos;
				SWIFT_COMPILATION_MODE = wholemodule;
				SWIFT_OPTIMIZATION_LEVEL = "-O";
				VALIDATE_PRODUCT = YES;
			};
			name = Release;
		};
		4CE23DDA2A13988100D875E8 /* Debug */ = {
			isa = XCBuildConfiguration;
			buildSettings = {
				ASSETCATALOG_COMPILER_APPICON_NAME = AppIcon;
				ASSETCATALOG_COMPILER_GLOBAL_ACCENT_COLOR_NAME = AccentColor;
				CODE_SIGN_STYLE = Automatic;
				CURRENT_PROJECT_VERSION = 1;
				GENERATE_INFOPLIST_FILE = YES;
				INFOPLIST_FILE = BlinqPay/Info.plist;
				INFOPLIST_KEY_UIApplicationSupportsIndirectInputEvents = YES;
				INFOPLIST_KEY_UILaunchStoryboardName = LaunchScreen;
				INFOPLIST_KEY_UISupportedInterfaceOrientations_iPad = "UIInterfaceOrientationPortrait UIInterfaceOrientationPortraitUpsideDown UIInterfaceOrientationLandscapeLeft UIInterfaceOrientationLandscapeRight";
				INFOPLIST_KEY_UISupportedInterfaceOrientations_iPhone = "UIInterfaceOrientationPortrait UIInterfaceOrientationLandscapeLeft UIInterfaceOrientationLandscapeRight";
				IPHONEOS_DEPLOYMENT_TARGET = 11.0;
				LD_RUNPATH_SEARCH_PATHS = (
					"$(inherited)",
					"@executable_path/Frameworks",
				);
				MARKETING_VERSION = 1.0;
				PRODUCT_BUNDLE_IDENTIFIER = com.folahanmi.BlinqPay;
				PRODUCT_NAME = "$(TARGET_NAME)";
				SWIFT_EMIT_LOC_STRINGS = YES;
				SWIFT_VERSION = 5.0;
				TARGETED_DEVICE_FAMILY = "1,2";
			};
			name = Debug;
		};
		4CE23DDB2A13988100D875E8 /* Release */ = {
			isa = XCBuildConfiguration;
			buildSettings = {
				ASSETCATALOG_COMPILER_APPICON_NAME = AppIcon;
				ASSETCATALOG_COMPILER_GLOBAL_ACCENT_COLOR_NAME = AccentColor;
				CODE_SIGN_STYLE = Automatic;
				CURRENT_PROJECT_VERSION = 1;
				GENERATE_INFOPLIST_FILE = YES;
				INFOPLIST_FILE = BlinqPay/Info.plist;
				INFOPLIST_KEY_UIApplicationSupportsIndirectInputEvents = YES;
				INFOPLIST_KEY_UILaunchStoryboardName = LaunchScreen;
				INFOPLIST_KEY_UISupportedInterfaceOrientations_iPad = "UIInterfaceOrientationPortrait UIInterfaceOrientationPortraitUpsideDown UIInterfaceOrientationLandscapeLeft UIInterfaceOrientationLandscapeRight";
				INFOPLIST_KEY_UISupportedInterfaceOrientations_iPhone = "UIInterfaceOrientationPortrait UIInterfaceOrientationLandscapeLeft UIInterfaceOrientationLandscapeRight";
				IPHONEOS_DEPLOYMENT_TARGET = 11.0;
				LD_RUNPATH_SEARCH_PATHS = (
					"$(inherited)",
					"@executable_path/Frameworks",
				);
				MARKETING_VERSION = 1.0;
				PRODUCT_BUNDLE_IDENTIFIER = com.folahanmi.BlinqPay;
				PRODUCT_NAME = "$(TARGET_NAME)";
				SWIFT_EMIT_LOC_STRINGS = YES;
				SWIFT_VERSION = 5.0;
				TARGETED_DEVICE_FAMILY = "1,2";
			};
			name = Release;
		};
		4CE23DDD2A13988100D875E8 /* Debug */ = {
			isa = XCBuildConfiguration;
			buildSettings = {
				ALWAYS_EMBED_SWIFT_STANDARD_LIBRARIES = YES;
				BUNDLE_LOADER = "$(TEST_HOST)";
				CODE_SIGN_STYLE = Automatic;
				CURRENT_PROJECT_VERSION = 1;
				GENERATE_INFOPLIST_FILE = YES;
				IPHONEOS_DEPLOYMENT_TARGET = 16.2;
				MARKETING_VERSION = 1.0;
				PRODUCT_BUNDLE_IDENTIFIER = com.folahanmi.BlinqPayTests;
				PRODUCT_NAME = "$(TARGET_NAME)";
				SWIFT_EMIT_LOC_STRINGS = NO;
				SWIFT_VERSION = 5.0;
				TARGETED_DEVICE_FAMILY = "1,2";
				TEST_HOST = "$(BUILT_PRODUCTS_DIR)/BlinqPay.app/$(BUNDLE_EXECUTABLE_FOLDER_PATH)/BlinqPay";
			};
			name = Debug;
		};
		4CE23DDE2A13988100D875E8 /* Release */ = {
			isa = XCBuildConfiguration;
			buildSettings = {
				ALWAYS_EMBED_SWIFT_STANDARD_LIBRARIES = YES;
				BUNDLE_LOADER = "$(TEST_HOST)";
				CODE_SIGN_STYLE = Automatic;
				CURRENT_PROJECT_VERSION = 1;
				GENERATE_INFOPLIST_FILE = YES;
				IPHONEOS_DEPLOYMENT_TARGET = 16.2;
				MARKETING_VERSION = 1.0;
				PRODUCT_BUNDLE_IDENTIFIER = com.folahanmi.BlinqPayTests;
				PRODUCT_NAME = "$(TARGET_NAME)";
				SWIFT_EMIT_LOC_STRINGS = NO;
				SWIFT_VERSION = 5.0;
				TARGETED_DEVICE_FAMILY = "1,2";
				TEST_HOST = "$(BUILT_PRODUCTS_DIR)/BlinqPay.app/$(BUNDLE_EXECUTABLE_FOLDER_PATH)/BlinqPay";
			};
			name = Release;
		};
		4CE23DE02A13988100D875E8 /* Debug */ = {
			isa = XCBuildConfiguration;
			buildSettings = {
				ALWAYS_EMBED_SWIFT_STANDARD_LIBRARIES = YES;
				CODE_SIGN_STYLE = Automatic;
				CURRENT_PROJECT_VERSION = 1;
				GENERATE_INFOPLIST_FILE = YES;
				MARKETING_VERSION = 1.0;
				PRODUCT_BUNDLE_IDENTIFIER = com.folahanmi.BlinqPayUITests;
				PRODUCT_NAME = "$(TARGET_NAME)";
				SWIFT_EMIT_LOC_STRINGS = NO;
				SWIFT_VERSION = 5.0;
				TARGETED_DEVICE_FAMILY = "1,2";
				TEST_TARGET_NAME = BlinqPay;
			};
			name = Debug;
		};
		4CE23DE12A13988100D875E8 /* Release */ = {
			isa = XCBuildConfiguration;
			buildSettings = {
				ALWAYS_EMBED_SWIFT_STANDARD_LIBRARIES = YES;
				CODE_SIGN_STYLE = Automatic;
				CURRENT_PROJECT_VERSION = 1;
				GENERATE_INFOPLIST_FILE = YES;
				MARKETING_VERSION = 1.0;
				PRODUCT_BUNDLE_IDENTIFIER = com.folahanmi.BlinqPayUITests;
				PRODUCT_NAME = "$(TARGET_NAME)";
				SWIFT_EMIT_LOC_STRINGS = NO;
				SWIFT_VERSION = 5.0;
				TARGETED_DEVICE_FAMILY = "1,2";
				TEST_TARGET_NAME = BlinqPay;
			};
			name = Release;
		};
/* End XCBuildConfiguration section */

/* Begin XCConfigurationList section */
		4CE23DAA2A13987E00D875E8 /* Build configuration list for PBXProject "BlinqPay" */ = {
			isa = XCConfigurationList;
			buildConfigurations = (
				4CE23DD72A13988100D875E8 /* Debug */,
				4CE23DD82A13988100D875E8 /* Release */,
			);
			defaultConfigurationIsVisible = 0;
			defaultConfigurationName = Release;
		};
		4CE23DD92A13988100D875E8 /* Build configuration list for PBXNativeTarget "BlinqPay" */ = {
			isa = XCConfigurationList;
			buildConfigurations = (
				4CE23DDA2A13988100D875E8 /* Debug */,
				4CE23DDB2A13988100D875E8 /* Release */,
			);
			defaultConfigurationIsVisible = 0;
			defaultConfigurationName = Release;
		};
		4CE23DDC2A13988100D875E8 /* Build configuration list for PBXNativeTarget "BlinqPayTests" */ = {
			isa = XCConfigurationList;
			buildConfigurations = (
				4CE23DDD2A13988100D875E8 /* Debug */,
				4CE23DDE2A13988100D875E8 /* Release */,
			);
			defaultConfigurationIsVisible = 0;
			defaultConfigurationName = Release;
		};
		4CE23DDF2A13988100D875E8 /* Build configuration list for PBXNativeTarget "BlinqPayUITests" */ = {
			isa = XCConfigurationList;
			buildConfigurations = (
				4CE23DE02A13988100D875E8 /* Debug */,
				4CE23DE12A13988100D875E8 /* Release */,
			);
			defaultConfigurationIsVisible = 0;
			defaultConfigurationName = Release;
		};
/* End XCConfigurationList section */
	};
	rootObject = 4CE23DA72A13987E00D875E8 /* Project object */;
}
