// !$*UTF8*$!
{
	archiveVersion = 1;
	classes = {
	};
	objectVersion = 55;
	objects = {

/* Begin PBXBuildFile section */
		2470BBD01CA057E5B96E4391 /* Pods_BlinqPay.framework in Frameworks */ = {isa = PBXBuildFile; fileRef = E1639080967ED7AD65D36283 /* Pods_BlinqPay.framework */; };
		4C7BE9F82A1BA907004E6589 /* HomeCollectionViewCell.swift in Sources */ = {isa = PBXBuildFile; fileRef = 4C7BE9F72A1BA907004E6589 /* HomeCollectionViewCell.swift */; };
		4C7BE9FB2A1BBBD0004E6589 /* IconTextView.swift in Sources */ = {isa = PBXBuildFile; fileRef = 4C7BE9FA2A1BBBD0004E6589 /* IconTextView.swift */; };
		4C7BE9FD2A1BBBEF004E6589 /* IconPosition.swift in Sources */ = {isa = PBXBuildFile; fileRef = 4C7BE9FC2A1BBBEF004E6589 /* IconPosition.swift */; };
		4C7BE9FF2A1BBC20004E6589 /* IconUILabel.swift in Sources */ = {isa = PBXBuildFile; fileRef = 4C7BE9FE2A1BBC20004E6589 /* IconUILabel.swift */; };
		4CE23DB32A13987E00D875E8 /* AppDelegate.swift in Sources */ = {isa = PBXBuildFile; fileRef = 4CE23DB22A13987E00D875E8 /* AppDelegate.swift */; };
		4CE23DB52A13987E00D875E8 /* SceneDelegate.swift in Sources */ = {isa = PBXBuildFile; fileRef = 4CE23DB42A13987E00D875E8 /* SceneDelegate.swift */; };
		4CE23DB72A13987E00D875E8 /* ViewController.swift in Sources */ = {isa = PBXBuildFile; fileRef = 4CE23DB62A13987E00D875E8 /* ViewController.swift */; };
		4CE23DBC2A13988100D875E8 /* Assets.xcassets in Resources */ = {isa = PBXBuildFile; fileRef = 4CE23DBB2A13988100D875E8 /* Assets.xcassets */; };
		4CE23DBF2A13988100D875E8 /* LaunchScreen.storyboard in Resources */ = {isa = PBXBuildFile; fileRef = 4CE23DBD2A13988100D875E8 /* LaunchScreen.storyboard */; };
		4CE23DCA2A13988100D875E8 /* BlinqPayTests.swift in Sources */ = {isa = PBXBuildFile; fileRef = 4CE23DC92A13988100D875E8 /* BlinqPayTests.swift */; };
		4CE23DD42A13988100D875E8 /* BlinqPayUITests.swift in Sources */ = {isa = PBXBuildFile; fileRef = 4CE23DD32A13988100D875E8 /* BlinqPayUITests.swift */; };
		4CE23DD62A13988100D875E8 /* BlinqPayUITestsLaunchTests.swift in Sources */ = {isa = PBXBuildFile; fileRef = 4CE23DD52A13988100D875E8 /* BlinqPayUITestsLaunchTests.swift */; };
		4CE23DE42A13FC7700D875E8 /* FirebaseFirestore in Frameworks */ = {isa = PBXBuildFile; productRef = 4CE23DE32A13FC7700D875E8 /* FirebaseFirestore */; };
		4CE23DE62A13FD4E00D875E8 /* GoogleService-Info.plist in Resources */ = {isa = PBXBuildFile; fileRef = 4CE23DE52A13FD4E00D875E8 /* GoogleService-Info.plist */; };
		4CE23DE92A1406AA00D875E8 /* Realm in Frameworks */ = {isa = PBXBuildFile; productRef = 4CE23DE82A1406AA00D875E8 /* Realm */; };
		4CE23DEB2A1406AA00D875E8 /* RealmSwift in Frameworks */ = {isa = PBXBuildFile; productRef = 4CE23DEA2A1406AA00D875E8 /* RealmSwift */; };
		4CE23DEE2A14089900D875E8 /* Swinject in Frameworks */ = {isa = PBXBuildFile; productRef = 4CE23DED2A14089900D875E8 /* Swinject */; };
		4CE23DF52A14E29600D875E8 /* BaseView.swift in Sources */ = {isa = PBXBuildFile; fileRef = 4CE23DF42A14E29600D875E8 /* BaseView.swift */; };
		4CE23DF72A14E69500D875E8 /* UIColor+Utils.swift in Sources */ = {isa = PBXBuildFile; fileRef = 4CE23DF62A14E69500D875E8 /* UIColor+Utils.swift */; };
		4CE23DFB2A14E9B500D875E8 /* IPreference.swift in Sources */ = {isa = PBXBuildFile; fileRef = 4CE23DFA2A14E9B500D875E8 /* IPreference.swift */; };
		4CE23DFD2A14E9E100D875E8 /* PreferenceImpl.swift in Sources */ = {isa = PBXBuildFile; fileRef = 4CE23DFC2A14E9E100D875E8 /* PreferenceImpl.swift */; };
		4CE23DFF2A14EA1200D875E8 /* Preference+Utils.swift in Sources */ = {isa = PBXBuildFile; fileRef = 4CE23DFE2A14EA1200D875E8 /* Preference+Utils.swift */; };
		4CE23E012A14EA3E00D875E8 /* PreferenceConstants.swift in Sources */ = {isa = PBXBuildFile; fileRef = 4CE23E002A14EA3E00D875E8 /* PreferenceConstants.swift */; };
		4CE23E032A14EC8500D875E8 /* AlertMessage.swift in Sources */ = {isa = PBXBuildFile; fileRef = 4CE23E022A14EC8500D875E8 /* AlertMessage.swift */; };
		4CE23E052A14ECB200D875E8 /* StackView.swift in Sources */ = {isa = PBXBuildFile; fileRef = 4CE23E042A14ECB200D875E8 /* StackView.swift */; };
		4CE23E072A14ED2300D875E8 /* BaseCollectionView.swift in Sources */ = {isa = PBXBuildFile; fileRef = 4CE23E062A14ED2300D875E8 /* BaseCollectionView.swift */; };
		4CE23E092A14ED8400D875E8 /* Code+Utils.swift in Sources */ = {isa = PBXBuildFile; fileRef = 4CE23E082A14ED8400D875E8 /* Code+Utils.swift */; };
		4CE23E0B2A14F43100D875E8 /* Numeric+Utils.swift in Sources */ = {isa = PBXBuildFile; fileRef = 4CE23E0A2A14F43100D875E8 /* Numeric+Utils.swift */; };
		4CE23E0D2A14F4AA00D875E8 /* ScopeFunctions.swift in Sources */ = {isa = PBXBuildFile; fileRef = 4CE23E0C2A14F4AA00D875E8 /* ScopeFunctions.swift */; };
		4CE23E0F2A14F59200D875E8 /* Toast.swift in Sources */ = {isa = PBXBuildFile; fileRef = 4CE23E0E2A14F59200D875E8 /* Toast.swift */; };
		4CE23E152A14FB0700D875E8 /* Product Sans Italic.ttf in Resources */ = {isa = PBXBuildFile; fileRef = 4CE23E112A14FB0700D875E8 /* Product Sans Italic.ttf */; };
		4CE23E162A14FB0700D875E8 /* Product Sans Bold.ttf in Resources */ = {isa = PBXBuildFile; fileRef = 4CE23E122A14FB0700D875E8 /* Product Sans Bold.ttf */; };
		4CE23E172A14FB0700D875E8 /* Product Sans Bold Italic.ttf in Resources */ = {isa = PBXBuildFile; fileRef = 4CE23E132A14FB0700D875E8 /* Product Sans Bold Italic.ttf */; };
		4CE23E182A14FB0700D875E8 /* Product Sans Regular.ttf in Resources */ = {isa = PBXBuildFile; fileRef = 4CE23E142A14FB0700D875E8 /* Product Sans Regular.ttf */; };
		4CE23E1A2A14FE6C00D875E8 /* UIFont+Utils.swift in Sources */ = {isa = PBXBuildFile; fileRef = 4CE23E192A14FE6C00D875E8 /* UIFont+Utils.swift */; };
		4CE23E1C2A14FEC800D875E8 /* UIView+Utils.swift in Sources */ = {isa = PBXBuildFile; fileRef = 4CE23E1B2A14FEC800D875E8 /* UIView+Utils.swift */; };
		4CE23E1E2A14FF4600D875E8 /* Constants.swift in Sources */ = {isa = PBXBuildFile; fileRef = 4CE23E1D2A14FF4600D875E8 /* Constants.swift */; };
		4CE23E202A14FFEB00D875E8 /* UIView+AutoLayout+Utils.swift in Sources */ = {isa = PBXBuildFile; fileRef = 4CE23E1F2A14FFEB00D875E8 /* UIView+AutoLayout+Utils.swift */; };
		4CE23E222A1513D700D875E8 /* CustomButton.swift in Sources */ = {isa = PBXBuildFile; fileRef = 4CE23E212A1513D700D875E8 /* CustomButton.swift */; };
		4CE23E242A1514AD00D875E8 /* BaseCollectionViewCell.swift in Sources */ = {isa = PBXBuildFile; fileRef = 4CE23E232A1514AD00D875E8 /* BaseCollectionViewCell.swift */; };
		4CE23E262A1514F500D875E8 /* ViewControllerType.swift in Sources */ = {isa = PBXBuildFile; fileRef = 4CE23E252A1514F500D875E8 /* ViewControllerType.swift */; };
		4CE23E292A1515A400D875E8 /* ConfirmationDialogViewController.swift in Sources */ = {isa = PBXBuildFile; fileRef = 4CE23E282A1515A400D875E8 /* ConfirmationDialogViewController.swift */; };
		4CE23E2B2A1515FF00D875E8 /* Typealiases+Utils.swift in Sources */ = {isa = PBXBuildFile; fileRef = 4CE23E2A2A1515FF00D875E8 /* Typealiases+Utils.swift */; };
		4CE23E2D2A1516F400D875E8 /* UIViewController+Utils.swift in Sources */ = {isa = PBXBuildFile; fileRef = 4CE23E2C2A1516F400D875E8 /* UIViewController+Utils.swift */; };
		4CE23E2F2A151E4200D875E8 /* UIView+Animations.swift in Sources */ = {isa = PBXBuildFile; fileRef = 4CE23E2E2A151E4200D875E8 /* UIView+Animations.swift */; };
		4CE23E312A151EB600D875E8 /* Date+Utils.swift in Sources */ = {isa = PBXBuildFile; fileRef = 4CE23E302A151EB600D875E8 /* Date+Utils.swift */; };
		4CE23E342A151F4A00D875E8 /* IInputValidator.swift in Sources */ = {isa = PBXBuildFile; fileRef = 4CE23E332A151F4A00D875E8 /* IInputValidator.swift */; };
		4CE23E362A151F6700D875E8 /* InputValidatorImpl.swift in Sources */ = {isa = PBXBuildFile; fileRef = 4CE23E352A151F6700D875E8 /* InputValidatorImpl.swift */; };
		4CE23E382A151FDD00D875E8 /* ValidationType.swift in Sources */ = {isa = PBXBuildFile; fileRef = 4CE23E372A151FDC00D875E8 /* ValidationType.swift */; };
		4CE23E3A2A151FFB00D875E8 /* ValidationMessage.swift in Sources */ = {isa = PBXBuildFile; fileRef = 4CE23E392A151FFB00D875E8 /* ValidationMessage.swift */; };
		4CE23E3C2A1521DA00D875E8 /* BaseScrollView.swift in Sources */ = {isa = PBXBuildFile; fileRef = 4CE23E3B2A1521DA00D875E8 /* BaseScrollView.swift */; };
		4CE23E3E2A15226600D875E8 /* CustomTextField.swift in Sources */ = {isa = PBXBuildFile; fileRef = 4CE23E3D2A15226600D875E8 /* CustomTextField.swift */; };
		4CE23E402A1522BD00D875E8 /* PickerManager.swift in Sources */ = {isa = PBXBuildFile; fileRef = 4CE23E3F2A1522BD00D875E8 /* PickerManager.swift */; };
		4CE23E452A1B542600D875E8 /* DependencyContainer.swift in Sources */ = {isa = PBXBuildFile; fileRef = 4CE23E442A1B542600D875E8 /* DependencyContainer.swift */; };
		4CE23E472A1B547B00D875E8 /* AuthDependencyContainer.swift in Sources */ = {isa = PBXBuildFile; fileRef = 4CE23E462A1B547A00D875E8 /* AuthDependencyContainer.swift */; };
		4CE23E492A1B54FF00D875E8 /* IAuthViewModel.swift in Sources */ = {isa = PBXBuildFile; fileRef = 4CE23E482A1B54FF00D875E8 /* IAuthViewModel.swift */; };
		4CE23E4C2A1B555900D875E8 /* AuthNavRoute.swift in Sources */ = {isa = PBXBuildFile; fileRef = 4CE23E4B2A1B555900D875E8 /* AuthNavRoute.swift */; };
		4CE23E4E2A1B55E400D875E8 /* AuthViewModelImpl.swift in Sources */ = {isa = PBXBuildFile; fileRef = 4CE23E4D2A1B55E400D875E8 /* AuthViewModelImpl.swift */; };
		4CE23E522A1B567200D875E8 /* BaseViewModel.swift in Sources */ = {isa = PBXBuildFile; fileRef = 4CE23E512A1B567200D875E8 /* BaseViewModel.swift */; };
		4CE23E562A1B589100D875E8 /* IAuthRemoteDatasource.swift in Sources */ = {isa = PBXBuildFile; fileRef = 4CE23E552A1B589100D875E8 /* IAuthRemoteDatasource.swift */; };
		4CE23E592A1B596700D875E8 /* LogInViewController.swift in Sources */ = {isa = PBXBuildFile; fileRef = 4CE23E582A1B596700D875E8 /* LogInViewController.swift */; };
		4CE23E5B2A1B599700D875E8 /* BaseViewController.swift in Sources */ = {isa = PBXBuildFile; fileRef = 4CE23E5A2A1B599700D875E8 /* BaseViewController.swift */; };
		4CE23E5E2A1B5F3800D875E8 /* LoginView.swift in Sources */ = {isa = PBXBuildFile; fileRef = 4CE23E5D2A1B5F3800D875E8 /* LoginView.swift */; };
		4CE23E602A1B677B00D875E8 /* Loader.swift in Sources */ = {isa = PBXBuildFile; fileRef = 4CE23E5F2A1B677B00D875E8 /* Loader.swift */; };
		4CE23E622A1B68E000D875E8 /* IBaseViewModel.swift in Sources */ = {isa = PBXBuildFile; fileRef = 4CE23E612A1B68E000D875E8 /* IBaseViewModel.swift */; };
		4CE23E662A1B6A1900D875E8 /* BPError.swift in Sources */ = {isa = PBXBuildFile; fileRef = 4CE23E652A1B6A1900D875E8 /* BPError.swift */; };
		4CE23E682A1B6D0700D875E8 /* CommonDependencyContainer.swift in Sources */ = {isa = PBXBuildFile; fileRef = 4CE23E672A1B6D0700D875E8 /* CommonDependencyContainer.swift */; };
		4CE23E6A2A1B6DF600D875E8 /* AuthRemoteDatasourceImpl.swift in Sources */ = {isa = PBXBuildFile; fileRef = 4CE23E692A1B6DF600D875E8 /* AuthRemoteDatasourceImpl.swift */; };
		4CE23E6D2A1B6E2C00D875E8 /* BaseRemoteDatasource.swift in Sources */ = {isa = PBXBuildFile; fileRef = 4CE23E6C2A1B6E2C00D875E8 /* BaseRemoteDatasource.swift */; };
		4CE23E702A1B6F1200D875E8 /* RemotePath.swift in Sources */ = {isa = PBXBuildFile; fileRef = 4CE23E6F2A1B6F1200D875E8 /* RemotePath.swift */; };
		4CE23E732A1B851900D875E8 /* DashboardTabController.swift in Sources */ = {isa = PBXBuildFile; fileRef = 4CE23E722A1B851900D875E8 /* DashboardTabController.swift */; };
		4CE23E752A1B867C00D875E8 /* DashboardDependencyContainer.swift in Sources */ = {isa = PBXBuildFile; fileRef = 4CE23E742A1B867C00D875E8 /* DashboardDependencyContainer.swift */; };
		4CE23E792A1B870500D875E8 /* IDashboardViewModel.swift in Sources */ = {isa = PBXBuildFile; fileRef = 4CE23E782A1B870500D875E8 /* IDashboardViewModel.swift */; };
		4CE23E7B2A1B874C00D875E8 /* DashboardViewModelImpl.swift in Sources */ = {isa = PBXBuildFile; fileRef = 4CE23E7A2A1B874C00D875E8 /* DashboardViewModelImpl.swift */; };
		4CE23E822A1B898400D875E8 /* HomeViewController.swift in Sources */ = {isa = PBXBuildFile; fileRef = 4CE23E812A1B898400D875E8 /* HomeViewController.swift */; };
		4CE23E842A1B89A600D875E8 /* HomeView.swift in Sources */ = {isa = PBXBuildFile; fileRef = 4CE23E832A1B89A600D875E8 /* HomeView.swift */; };
		4CE23E862A1B89E900D875E8 /* IHomeViewModel.swift in Sources */ = {isa = PBXBuildFile; fileRef = 4CE23E852A1B89E900D875E8 /* IHomeViewModel.swift */; };
		4CE23E882A1B926D00D875E8 /* HomeViewModelImpl.swift in Sources */ = {isa = PBXBuildFile; fileRef = 4CE23E872A1B926D00D875E8 /* HomeViewModelImpl.swift */; };
		EA4D8C0D827046F5D9071FF6 /* Pods_BlinqPayTests.framework in Frameworks */ = {isa = PBXBuildFile; fileRef = 9C79D2E09EDB4F2BE71F4D0A /* Pods_BlinqPayTests.framework */; };
		F4B87AC8B1C3E279FA033E92 /* Pods_BlinqPay_BlinqPayUITests.framework in Frameworks */ = {isa = PBXBuildFile; fileRef = 099B37F2B5BA02C9091BD234 /* Pods_BlinqPay_BlinqPayUITests.framework */; };
/* End PBXBuildFile section */

/* Begin PBXContainerItemProxy section */
		4CE23DC62A13988100D875E8 /* PBXContainerItemProxy */ = {
			isa = PBXContainerItemProxy;
			containerPortal = 4CE23DA72A13987E00D875E8 /* Project object */;
			proxyType = 1;
			remoteGlobalIDString = 4CE23DAE2A13987E00D875E8;
			remoteInfo = BlinqPay;
		};
		4CE23DD02A13988100D875E8 /* PBXContainerItemProxy */ = {
			isa = PBXContainerItemProxy;
			containerPortal = 4CE23DA72A13987E00D875E8 /* Project object */;
			proxyType = 1;
			remoteGlobalIDString = 4CE23DAE2A13987E00D875E8;
			remoteInfo = BlinqPay;
		};
/* End PBXContainerItemProxy section */

/* Begin PBXFileReference section */
		099B37F2B5BA02C9091BD234 /* Pods_BlinqPay_BlinqPayUITests.framework */ = {isa = PBXFileReference; explicitFileType = wrapper.framework; includeInIndex = 0; path = Pods_BlinqPay_BlinqPayUITests.framework; sourceTree = BUILT_PRODUCTS_DIR; };
		4C7BE9F72A1BA907004E6589 /* HomeCollectionViewCell.swift */ = {isa = PBXFileReference; lastKnownFileType = sourcecode.swift; path = HomeCollectionViewCell.swift; sourceTree = "<group>"; };
		4C7BE9FA2A1BBBD0004E6589 /* IconTextView.swift */ = {isa = PBXFileReference; lastKnownFileType = sourcecode.swift; path = IconTextView.swift; sourceTree = "<group>"; };
		4C7BE9FC2A1BBBEF004E6589 /* IconPosition.swift */ = {isa = PBXFileReference; lastKnownFileType = sourcecode.swift; path = IconPosition.swift; sourceTree = "<group>"; };
		4C7BE9FE2A1BBC20004E6589 /* IconUILabel.swift */ = {isa = PBXFileReference; lastKnownFileType = sourcecode.swift; path = IconUILabel.swift; sourceTree = "<group>"; };
		4CE23DAF2A13987E00D875E8 /* BlinqPay.app */ = {isa = PBXFileReference; explicitFileType = wrapper.application; includeInIndex = 0; path = BlinqPay.app; sourceTree = BUILT_PRODUCTS_DIR; };
		4CE23DB22A13987E00D875E8 /* AppDelegate.swift */ = {isa = PBXFileReference; lastKnownFileType = sourcecode.swift; path = AppDelegate.swift; sourceTree = "<group>"; };
		4CE23DB42A13987E00D875E8 /* SceneDelegate.swift */ = {isa = PBXFileReference; lastKnownFileType = sourcecode.swift; path = SceneDelegate.swift; sourceTree = "<group>"; };
		4CE23DB62A13987E00D875E8 /* ViewController.swift */ = {isa = PBXFileReference; lastKnownFileType = sourcecode.swift; path = ViewController.swift; sourceTree = "<group>"; };
		4CE23DBB2A13988100D875E8 /* Assets.xcassets */ = {isa = PBXFileReference; lastKnownFileType = folder.assetcatalog; path = Assets.xcassets; sourceTree = "<group>"; };
		4CE23DBE2A13988100D875E8 /* Base */ = {isa = PBXFileReference; lastKnownFileType = file.storyboard; name = Base; path = Base.lproj/LaunchScreen.storyboard; sourceTree = "<group>"; };
		4CE23DC02A13988100D875E8 /* Info.plist */ = {isa = PBXFileReference; lastKnownFileType = text.plist.xml; path = Info.plist; sourceTree = "<group>"; };
		4CE23DC52A13988100D875E8 /* BlinqPayTests.xctest */ = {isa = PBXFileReference; explicitFileType = wrapper.cfbundle; includeInIndex = 0; path = BlinqPayTests.xctest; sourceTree = BUILT_PRODUCTS_DIR; };
		4CE23DC92A13988100D875E8 /* BlinqPayTests.swift */ = {isa = PBXFileReference; lastKnownFileType = sourcecode.swift; path = BlinqPayTests.swift; sourceTree = "<group>"; };
		4CE23DCF2A13988100D875E8 /* BlinqPayUITests.xctest */ = {isa = PBXFileReference; explicitFileType = wrapper.cfbundle; includeInIndex = 0; path = BlinqPayUITests.xctest; sourceTree = BUILT_PRODUCTS_DIR; };
		4CE23DD32A13988100D875E8 /* BlinqPayUITests.swift */ = {isa = PBXFileReference; lastKnownFileType = sourcecode.swift; path = BlinqPayUITests.swift; sourceTree = "<group>"; };
		4CE23DD52A13988100D875E8 /* BlinqPayUITestsLaunchTests.swift */ = {isa = PBXFileReference; lastKnownFileType = sourcecode.swift; path = BlinqPayUITestsLaunchTests.swift; sourceTree = "<group>"; };
		4CE23DE52A13FD4E00D875E8 /* GoogleService-Info.plist */ = {isa = PBXFileReference; fileEncoding = 4; lastKnownFileType = text.plist.xml; path = "GoogleService-Info.plist"; sourceTree = "<group>"; };
		4CE23DF42A14E29600D875E8 /* BaseView.swift */ = {isa = PBXFileReference; lastKnownFileType = sourcecode.swift; path = BaseView.swift; sourceTree = "<group>"; };
		4CE23DF62A14E69500D875E8 /* UIColor+Utils.swift */ = {isa = PBXFileReference; lastKnownFileType = sourcecode.swift; path = "UIColor+Utils.swift"; sourceTree = "<group>"; };
		4CE23DFA2A14E9B500D875E8 /* IPreference.swift */ = {isa = PBXFileReference; lastKnownFileType = sourcecode.swift; path = IPreference.swift; sourceTree = "<group>"; };
		4CE23DFC2A14E9E100D875E8 /* PreferenceImpl.swift */ = {isa = PBXFileReference; lastKnownFileType = sourcecode.swift; path = PreferenceImpl.swift; sourceTree = "<group>"; };
		4CE23DFE2A14EA1200D875E8 /* Preference+Utils.swift */ = {isa = PBXFileReference; lastKnownFileType = sourcecode.swift; path = "Preference+Utils.swift"; sourceTree = "<group>"; };
		4CE23E002A14EA3E00D875E8 /* PreferenceConstants.swift */ = {isa = PBXFileReference; lastKnownFileType = sourcecode.swift; path = PreferenceConstants.swift; sourceTree = "<group>"; };
		4CE23E022A14EC8500D875E8 /* AlertMessage.swift */ = {isa = PBXFileReference; lastKnownFileType = sourcecode.swift; path = AlertMessage.swift; sourceTree = "<group>"; };
		4CE23E042A14ECB200D875E8 /* StackView.swift */ = {isa = PBXFileReference; lastKnownFileType = sourcecode.swift; path = StackView.swift; sourceTree = "<group>"; };
		4CE23E062A14ED2300D875E8 /* BaseCollectionView.swift */ = {isa = PBXFileReference; lastKnownFileType = sourcecode.swift; path = BaseCollectionView.swift; sourceTree = "<group>"; };
		4CE23E082A14ED8400D875E8 /* Code+Utils.swift */ = {isa = PBXFileReference; lastKnownFileType = sourcecode.swift; path = "Code+Utils.swift"; sourceTree = "<group>"; };
		4CE23E0A2A14F43100D875E8 /* Numeric+Utils.swift */ = {isa = PBXFileReference; lastKnownFileType = sourcecode.swift; path = "Numeric+Utils.swift"; sourceTree = "<group>"; };
		4CE23E0C2A14F4AA00D875E8 /* ScopeFunctions.swift */ = {isa = PBXFileReference; lastKnownFileType = sourcecode.swift; path = ScopeFunctions.swift; sourceTree = "<group>"; };
		4CE23E0E2A14F59200D875E8 /* Toast.swift */ = {isa = PBXFileReference; lastKnownFileType = sourcecode.swift; path = Toast.swift; sourceTree = "<group>"; };
		4CE23E112A14FB0700D875E8 /* Product Sans Italic.ttf */ = {isa = PBXFileReference; lastKnownFileType = file; path = "Product Sans Italic.ttf"; sourceTree = "<group>"; };
		4CE23E122A14FB0700D875E8 /* Product Sans Bold.ttf */ = {isa = PBXFileReference; lastKnownFileType = file; path = "Product Sans Bold.ttf"; sourceTree = "<group>"; };
		4CE23E132A14FB0700D875E8 /* Product Sans Bold Italic.ttf */ = {isa = PBXFileReference; lastKnownFileType = file; path = "Product Sans Bold Italic.ttf"; sourceTree = "<group>"; };
		4CE23E142A14FB0700D875E8 /* Product Sans Regular.ttf */ = {isa = PBXFileReference; lastKnownFileType = file; path = "Product Sans Regular.ttf"; sourceTree = "<group>"; };
		4CE23E192A14FE6C00D875E8 /* UIFont+Utils.swift */ = {isa = PBXFileReference; lastKnownFileType = sourcecode.swift; path = "UIFont+Utils.swift"; sourceTree = "<group>"; };
		4CE23E1B2A14FEC800D875E8 /* UIView+Utils.swift */ = {isa = PBXFileReference; lastKnownFileType = sourcecode.swift; path = "UIView+Utils.swift"; sourceTree = "<group>"; };
		4CE23E1D2A14FF4600D875E8 /* Constants.swift */ = {isa = PBXFileReference; lastKnownFileType = sourcecode.swift; path = Constants.swift; sourceTree = "<group>"; };
		4CE23E1F2A14FFEB00D875E8 /* UIView+AutoLayout+Utils.swift */ = {isa = PBXFileReference; lastKnownFileType = sourcecode.swift; path = "UIView+AutoLayout+Utils.swift"; sourceTree = "<group>"; };
		4CE23E212A1513D700D875E8 /* CustomButton.swift */ = {isa = PBXFileReference; lastKnownFileType = sourcecode.swift; path = CustomButton.swift; sourceTree = "<group>"; };
		4CE23E232A1514AD00D875E8 /* BaseCollectionViewCell.swift */ = {isa = PBXFileReference; lastKnownFileType = sourcecode.swift; path = BaseCollectionViewCell.swift; sourceTree = "<group>"; };
		4CE23E252A1514F500D875E8 /* ViewControllerType.swift */ = {isa = PBXFileReference; lastKnownFileType = sourcecode.swift; path = ViewControllerType.swift; sourceTree = "<group>"; };
		4CE23E282A1515A400D875E8 /* ConfirmationDialogViewController.swift */ = {isa = PBXFileReference; lastKnownFileType = sourcecode.swift; path = ConfirmationDialogViewController.swift; sourceTree = "<group>"; };
		4CE23E2A2A1515FF00D875E8 /* Typealiases+Utils.swift */ = {isa = PBXFileReference; lastKnownFileType = sourcecode.swift; path = "Typealiases+Utils.swift"; sourceTree = "<group>"; };
		4CE23E2C2A1516F400D875E8 /* UIViewController+Utils.swift */ = {isa = PBXFileReference; lastKnownFileType = sourcecode.swift; path = "UIViewController+Utils.swift"; sourceTree = "<group>"; };
		4CE23E2E2A151E4200D875E8 /* UIView+Animations.swift */ = {isa = PBXFileReference; lastKnownFileType = sourcecode.swift; path = "UIView+Animations.swift"; sourceTree = "<group>"; };
		4CE23E302A151EB600D875E8 /* Date+Utils.swift */ = {isa = PBXFileReference; lastKnownFileType = sourcecode.swift; path = "Date+Utils.swift"; sourceTree = "<group>"; };
		4CE23E332A151F4A00D875E8 /* IInputValidator.swift */ = {isa = PBXFileReference; lastKnownFileType = sourcecode.swift; path = IInputValidator.swift; sourceTree = "<group>"; };
		4CE23E352A151F6700D875E8 /* InputValidatorImpl.swift */ = {isa = PBXFileReference; lastKnownFileType = sourcecode.swift; path = InputValidatorImpl.swift; sourceTree = "<group>"; };
		4CE23E372A151FDC00D875E8 /* ValidationType.swift */ = {isa = PBXFileReference; lastKnownFileType = sourcecode.swift; path = ValidationType.swift; sourceTree = "<group>"; };
		4CE23E392A151FFB00D875E8 /* ValidationMessage.swift */ = {isa = PBXFileReference; lastKnownFileType = sourcecode.swift; path = ValidationMessage.swift; sourceTree = "<group>"; };
		4CE23E3B2A1521DA00D875E8 /* BaseScrollView.swift */ = {isa = PBXFileReference; lastKnownFileType = sourcecode.swift; path = BaseScrollView.swift; sourceTree = "<group>"; };
		4CE23E3D2A15226600D875E8 /* CustomTextField.swift */ = {isa = PBXFileReference; lastKnownFileType = sourcecode.swift; path = CustomTextField.swift; sourceTree = "<group>"; };
		4CE23E3F2A1522BD00D875E8 /* PickerManager.swift */ = {isa = PBXFileReference; lastKnownFileType = sourcecode.swift; path = PickerManager.swift; sourceTree = "<group>"; };
		4CE23E442A1B542600D875E8 /* DependencyContainer.swift */ = {isa = PBXFileReference; lastKnownFileType = sourcecode.swift; path = DependencyContainer.swift; sourceTree = "<group>"; };
		4CE23E462A1B547A00D875E8 /* AuthDependencyContainer.swift */ = {isa = PBXFileReference; lastKnownFileType = sourcecode.swift; path = AuthDependencyContainer.swift; sourceTree = "<group>"; };
		4CE23E482A1B54FF00D875E8 /* IAuthViewModel.swift */ = {isa = PBXFileReference; lastKnownFileType = sourcecode.swift; path = IAuthViewModel.swift; sourceTree = "<group>"; };
		4CE23E4B2A1B555900D875E8 /* AuthNavRoute.swift */ = {isa = PBXFileReference; lastKnownFileType = sourcecode.swift; path = AuthNavRoute.swift; sourceTree = "<group>"; };
		4CE23E4D2A1B55E400D875E8 /* AuthViewModelImpl.swift */ = {isa = PBXFileReference; lastKnownFileType = sourcecode.swift; path = AuthViewModelImpl.swift; sourceTree = "<group>"; };
		4CE23E512A1B567200D875E8 /* BaseViewModel.swift */ = {isa = PBXFileReference; lastKnownFileType = sourcecode.swift; path = BaseViewModel.swift; sourceTree = "<group>"; };
		4CE23E552A1B589100D875E8 /* IAuthRemoteDatasource.swift */ = {isa = PBXFileReference; lastKnownFileType = sourcecode.swift; path = IAuthRemoteDatasource.swift; sourceTree = "<group>"; };
		4CE23E582A1B596700D875E8 /* LogInViewController.swift */ = {isa = PBXFileReference; lastKnownFileType = sourcecode.swift; path = LogInViewController.swift; sourceTree = "<group>"; };
		4CE23E5A2A1B599700D875E8 /* BaseViewController.swift */ = {isa = PBXFileReference; lastKnownFileType = sourcecode.swift; path = BaseViewController.swift; sourceTree = "<group>"; };
		4CE23E5D2A1B5F3800D875E8 /* LoginView.swift */ = {isa = PBXFileReference; lastKnownFileType = sourcecode.swift; path = LoginView.swift; sourceTree = "<group>"; };
		4CE23E5F2A1B677B00D875E8 /* Loader.swift */ = {isa = PBXFileReference; lastKnownFileType = sourcecode.swift; path = Loader.swift; sourceTree = "<group>"; };
		4CE23E612A1B68E000D875E8 /* IBaseViewModel.swift */ = {isa = PBXFileReference; lastKnownFileType = sourcecode.swift; path = IBaseViewModel.swift; sourceTree = "<group>"; };
		4CE23E652A1B6A1900D875E8 /* BPError.swift */ = {isa = PBXFileReference; lastKnownFileType = sourcecode.swift; path = BPError.swift; sourceTree = "<group>"; };
		4CE23E672A1B6D0700D875E8 /* CommonDependencyContainer.swift */ = {isa = PBXFileReference; lastKnownFileType = sourcecode.swift; path = CommonDependencyContainer.swift; sourceTree = "<group>"; };
		4CE23E692A1B6DF600D875E8 /* AuthRemoteDatasourceImpl.swift */ = {isa = PBXFileReference; lastKnownFileType = sourcecode.swift; path = AuthRemoteDatasourceImpl.swift; sourceTree = "<group>"; };
		4CE23E6C2A1B6E2C00D875E8 /* BaseRemoteDatasource.swift */ = {isa = PBXFileReference; lastKnownFileType = sourcecode.swift; path = BaseRemoteDatasource.swift; sourceTree = "<group>"; };
		4CE23E6F2A1B6F1200D875E8 /* RemotePath.swift */ = {isa = PBXFileReference; lastKnownFileType = sourcecode.swift; path = RemotePath.swift; sourceTree = "<group>"; };
		4CE23E722A1B851900D875E8 /* DashboardTabController.swift */ = {isa = PBXFileReference; lastKnownFileType = sourcecode.swift; path = DashboardTabController.swift; sourceTree = "<group>"; };
		4CE23E742A1B867C00D875E8 /* DashboardDependencyContainer.swift */ = {isa = PBXFileReference; lastKnownFileType = sourcecode.swift; path = DashboardDependencyContainer.swift; sourceTree = "<group>"; };
		4CE23E782A1B870500D875E8 /* IDashboardViewModel.swift */ = {isa = PBXFileReference; lastKnownFileType = sourcecode.swift; path = IDashboardViewModel.swift; sourceTree = "<group>"; };
		4CE23E7A2A1B874C00D875E8 /* DashboardViewModelImpl.swift */ = {isa = PBXFileReference; lastKnownFileType = sourcecode.swift; path = DashboardViewModelImpl.swift; sourceTree = "<group>"; };
		4CE23E812A1B898400D875E8 /* HomeViewController.swift */ = {isa = PBXFileReference; lastKnownFileType = sourcecode.swift; path = HomeViewController.swift; sourceTree = "<group>"; };
		4CE23E832A1B89A600D875E8 /* HomeView.swift */ = {isa = PBXFileReference; lastKnownFileType = sourcecode.swift; path = HomeView.swift; sourceTree = "<group>"; };
		4CE23E852A1B89E900D875E8 /* IHomeViewModel.swift */ = {isa = PBXFileReference; lastKnownFileType = sourcecode.swift; path = IHomeViewModel.swift; sourceTree = "<group>"; };
		4CE23E872A1B926D00D875E8 /* HomeViewModelImpl.swift */ = {isa = PBXFileReference; lastKnownFileType = sourcecode.swift; path = HomeViewModelImpl.swift; sourceTree = "<group>"; };
		5B6BBE531AB94D5556B2825A /* Pods-BlinqPay.debug.xcconfig */ = {isa = PBXFileReference; includeInIndex = 1; lastKnownFileType = text.xcconfig; name = "Pods-BlinqPay.debug.xcconfig"; path = "Target Support Files/Pods-BlinqPay/Pods-BlinqPay.debug.xcconfig"; sourceTree = "<group>"; };
		69AEE59FAF9545A938801D92 /* Pods-BlinqPay-BlinqPayUITests.debug.xcconfig */ = {isa = PBXFileReference; includeInIndex = 1; lastKnownFileType = text.xcconfig; name = "Pods-BlinqPay-BlinqPayUITests.debug.xcconfig"; path = "Target Support Files/Pods-BlinqPay-BlinqPayUITests/Pods-BlinqPay-BlinqPayUITests.debug.xcconfig"; sourceTree = "<group>"; };
		92CFCA3E37533D7D220516C9 /* Pods-BlinqPayTests.debug.xcconfig */ = {isa = PBXFileReference; includeInIndex = 1; lastKnownFileType = text.xcconfig; name = "Pods-BlinqPayTests.debug.xcconfig"; path = "Target Support Files/Pods-BlinqPayTests/Pods-BlinqPayTests.debug.xcconfig"; sourceTree = "<group>"; };
		9C79D2E09EDB4F2BE71F4D0A /* Pods_BlinqPayTests.framework */ = {isa = PBXFileReference; explicitFileType = wrapper.framework; includeInIndex = 0; path = Pods_BlinqPayTests.framework; sourceTree = BUILT_PRODUCTS_DIR; };
		A324713C1DEBE7504891E743 /* Pods-BlinqPay.release.xcconfig */ = {isa = PBXFileReference; includeInIndex = 1; lastKnownFileType = text.xcconfig; name = "Pods-BlinqPay.release.xcconfig"; path = "Target Support Files/Pods-BlinqPay/Pods-BlinqPay.release.xcconfig"; sourceTree = "<group>"; };
		D220EC56BDF5EFC49E15FD83 /* Pods-BlinqPay-BlinqPayUITests.release.xcconfig */ = {isa = PBXFileReference; includeInIndex = 1; lastKnownFileType = text.xcconfig; name = "Pods-BlinqPay-BlinqPayUITests.release.xcconfig"; path = "Target Support Files/Pods-BlinqPay-BlinqPayUITests/Pods-BlinqPay-BlinqPayUITests.release.xcconfig"; sourceTree = "<group>"; };
		E1639080967ED7AD65D36283 /* Pods_BlinqPay.framework */ = {isa = PBXFileReference; explicitFileType = wrapper.framework; includeInIndex = 0; path = Pods_BlinqPay.framework; sourceTree = BUILT_PRODUCTS_DIR; };
		FD7C93117FDF3C9D84007F68 /* Pods-BlinqPayTests.release.xcconfig */ = {isa = PBXFileReference; includeInIndex = 1; lastKnownFileType = text.xcconfig; name = "Pods-BlinqPayTests.release.xcconfig"; path = "Target Support Files/Pods-BlinqPayTests/Pods-BlinqPayTests.release.xcconfig"; sourceTree = "<group>"; };
/* End PBXFileReference section */

/* Begin PBXFrameworksBuildPhase section */
		4CE23DAC2A13987E00D875E8 /* Frameworks */ = {
			isa = PBXFrameworksBuildPhase;
			buildActionMask = 2147483647;
			files = (
				4CE23DEB2A1406AA00D875E8 /* RealmSwift in Frameworks */,
				4CE23DE92A1406AA00D875E8 /* Realm in Frameworks */,
				4CE23DE42A13FC7700D875E8 /* FirebaseFirestore in Frameworks */,
				4CE23DEE2A14089900D875E8 /* Swinject in Frameworks */,
				2470BBD01CA057E5B96E4391 /* Pods_BlinqPay.framework in Frameworks */,
			);
			runOnlyForDeploymentPostprocessing = 0;
		};
		4CE23DC22A13988100D875E8 /* Frameworks */ = {
			isa = PBXFrameworksBuildPhase;
			buildActionMask = 2147483647;
			files = (
				EA4D8C0D827046F5D9071FF6 /* Pods_BlinqPayTests.framework in Frameworks */,
			);
			runOnlyForDeploymentPostprocessing = 0;
		};
		4CE23DCC2A13988100D875E8 /* Frameworks */ = {
			isa = PBXFrameworksBuildPhase;
			buildActionMask = 2147483647;
			files = (
				F4B87AC8B1C3E279FA033E92 /* Pods_BlinqPay_BlinqPayUITests.framework in Frameworks */,
			);
			runOnlyForDeploymentPostprocessing = 0;
		};
/* End PBXFrameworksBuildPhase section */

/* Begin PBXGroup section */
		4C7BE9F92A1BBBAC004E6589 /* IconTextView */ = {
			isa = PBXGroup;
			children = (
				4C7BE9FA2A1BBBD0004E6589 /* IconTextView.swift */,
				4C7BE9FC2A1BBBEF004E6589 /* IconPosition.swift */,
				4C7BE9FE2A1BBC20004E6589 /* IconUILabel.swift */,
			);
			path = IconTextView;
			sourceTree = "<group>";
		};
		4CE23DA62A13987E00D875E8 = {
			isa = PBXGroup;
			children = (
				4CE23DB12A13987E00D875E8 /* BlinqPay */,
				4CE23DC82A13988100D875E8 /* BlinqPayTests */,
				4CE23DD22A13988100D875E8 /* BlinqPayUITests */,
				4CE23DB02A13987E00D875E8 /* Products */,
				C44F109044C804993B6D07B5 /* Pods */,
				A375217BE062866CB03B66CB /* Frameworks */,
			);
			sourceTree = "<group>";
		};
		4CE23DB02A13987E00D875E8 /* Products */ = {
			isa = PBXGroup;
			children = (
				4CE23DAF2A13987E00D875E8 /* BlinqPay.app */,
				4CE23DC52A13988100D875E8 /* BlinqPayTests.xctest */,
				4CE23DCF2A13988100D875E8 /* BlinqPayUITests.xctest */,
			);
			name = Products;
			sourceTree = "<group>";
		};
		4CE23DB12A13987E00D875E8 /* BlinqPay */ = {
			isa = PBXGroup;
			children = (
				4CE23E642A1B6A0800D875E8 /* Entities */,
				4CE23E432A1B540300D875E8 /* Dependency Graph */,
				4CE23E412A1B539400D875E8 /* Features */,
				4CE23DF82A14E94F00D875E8 /* Datasource */,
				4CE23DF12A14E19800D875E8 /* Utilities */,
				4CE23DF02A14E10A00D875E8 /* Resources */,
				4CE23DEF2A14E0CB00D875E8 /* App Delegate */,
				4CE23DB62A13987E00D875E8 /* ViewController.swift */,
				4CE23DC02A13988100D875E8 /* Info.plist */,
				4CE23DE52A13FD4E00D875E8 /* GoogleService-Info.plist */,
			);
			path = BlinqPay;
			sourceTree = "<group>";
		};
		4CE23DC82A13988100D875E8 /* BlinqPayTests */ = {
			isa = PBXGroup;
			children = (
				4CE23DC92A13988100D875E8 /* BlinqPayTests.swift */,
			);
			path = BlinqPayTests;
			sourceTree = "<group>";
		};
		4CE23DD22A13988100D875E8 /* BlinqPayUITests */ = {
			isa = PBXGroup;
			children = (
				4CE23DD32A13988100D875E8 /* BlinqPayUITests.swift */,
				4CE23DD52A13988100D875E8 /* BlinqPayUITestsLaunchTests.swift */,
			);
			path = BlinqPayUITests;
			sourceTree = "<group>";
		};
		4CE23DEF2A14E0CB00D875E8 /* App Delegate */ = {
			isa = PBXGroup;
			children = (
				4CE23DB22A13987E00D875E8 /* AppDelegate.swift */,
				4CE23DB42A13987E00D875E8 /* SceneDelegate.swift */,
			);
			path = "App Delegate";
			sourceTree = "<group>";
		};
		4CE23DF02A14E10A00D875E8 /* Resources */ = {
			isa = PBXGroup;
			children = (
				4CE23E102A14FAAC00D875E8 /* Fonts */,
				4CE23DBB2A13988100D875E8 /* Assets.xcassets */,
				4CE23DBD2A13988100D875E8 /* LaunchScreen.storyboard */,
			);
			path = Resources;
			sourceTree = "<group>";
		};
		4CE23DF12A14E19800D875E8 /* Utilities */ = {
			isa = PBXGroup;
			children = (
				4CE23DF32A14E1E700D875E8 /* Common */,
				4CE23DF22A14E1DC00D875E8 /* Components */,
			);
			path = Utilities;
			sourceTree = "<group>";
		};
		4CE23DF22A14E1DC00D875E8 /* Components */ = {
			isa = PBXGroup;
			children = (
				4C7BE9F92A1BBBAC004E6589 /* IconTextView */,
				4CE23E272A15158800D875E8 /* Confirmation Dialog */,
				4CE23DF42A14E29600D875E8 /* BaseView.swift */,
				4CE23E022A14EC8500D875E8 /* AlertMessage.swift */,
				4CE23E042A14ECB200D875E8 /* StackView.swift */,
				4CE23E062A14ED2300D875E8 /* BaseCollectionView.swift */,
				4CE23E0E2A14F59200D875E8 /* Toast.swift */,
				4CE23E212A1513D700D875E8 /* CustomButton.swift */,
				4CE23E232A1514AD00D875E8 /* BaseCollectionViewCell.swift */,
				4CE23E252A1514F500D875E8 /* ViewControllerType.swift */,
				4CE23E3B2A1521DA00D875E8 /* BaseScrollView.swift */,
				4CE23E3D2A15226600D875E8 /* CustomTextField.swift */,
				4CE23E3F2A1522BD00D875E8 /* PickerManager.swift */,
				4CE23E5F2A1B677B00D875E8 /* Loader.swift */,
			);
			path = Components;
			sourceTree = "<group>";
		};
		4CE23DF32A14E1E700D875E8 /* Common */ = {
			isa = PBXGroup;
			children = (
				4CE23E322A151F2E00D875E8 /* Input Validation */,
				4CE23DF62A14E69500D875E8 /* UIColor+Utils.swift */,
				4CE23E082A14ED8400D875E8 /* Code+Utils.swift */,
				4CE23E0A2A14F43100D875E8 /* Numeric+Utils.swift */,
				4CE23E0C2A14F4AA00D875E8 /* ScopeFunctions.swift */,
				4CE23E192A14FE6C00D875E8 /* UIFont+Utils.swift */,
				4CE23E1B2A14FEC800D875E8 /* UIView+Utils.swift */,
				4CE23E1D2A14FF4600D875E8 /* Constants.swift */,
				4CE23E1F2A14FFEB00D875E8 /* UIView+AutoLayout+Utils.swift */,
				4CE23E2A2A1515FF00D875E8 /* Typealiases+Utils.swift */,
				4CE23E2C2A1516F400D875E8 /* UIViewController+Utils.swift */,
				4CE23E2E2A151E4200D875E8 /* UIView+Animations.swift */,
				4CE23E302A151EB600D875E8 /* Date+Utils.swift */,
			);
			path = Common;
			sourceTree = "<group>";
		};
		4CE23DF82A14E94F00D875E8 /* Datasource */ = {
			isa = PBXGroup;
			children = (
				4CE23E6E2A1B6F0200D875E8 /* Utils */,
				4CE23E6B2A1B6E1C00D875E8 /* Base */,
				4CE23E532A1B586900D875E8 /* Remote */,
				4CE23DF92A14E97D00D875E8 /* Preference */,
			);
			path = Datasource;
			sourceTree = "<group>";
		};
		4CE23DF92A14E97D00D875E8 /* Preference */ = {
			isa = PBXGroup;
			children = (
				4CE23DFA2A14E9B500D875E8 /* IPreference.swift */,
				4CE23DFC2A14E9E100D875E8 /* PreferenceImpl.swift */,
				4CE23DFE2A14EA1200D875E8 /* Preference+Utils.swift */,
				4CE23E002A14EA3E00D875E8 /* PreferenceConstants.swift */,
			);
			path = Preference;
			sourceTree = "<group>";
		};
		4CE23E102A14FAAC00D875E8 /* Fonts */ = {
			isa = PBXGroup;
			children = (
				4CE23E132A14FB0700D875E8 /* Product Sans Bold Italic.ttf */,
				4CE23E122A14FB0700D875E8 /* Product Sans Bold.ttf */,
				4CE23E112A14FB0700D875E8 /* Product Sans Italic.ttf */,
				4CE23E142A14FB0700D875E8 /* Product Sans Regular.ttf */,
			);
			path = Fonts;
			sourceTree = "<group>";
		};
		4CE23E272A15158800D875E8 /* Confirmation Dialog */ = {
			isa = PBXGroup;
			children = (
				4CE23E282A1515A400D875E8 /* ConfirmationDialogViewController.swift */,
			);
			path = "Confirmation Dialog";
			sourceTree = "<group>";
		};
		4CE23E322A151F2E00D875E8 /* Input Validation */ = {
			isa = PBXGroup;
			children = (
				4CE23E332A151F4A00D875E8 /* IInputValidator.swift */,
				4CE23E352A151F6700D875E8 /* InputValidatorImpl.swift */,
				4CE23E372A151FDC00D875E8 /* ValidationType.swift */,
				4CE23E392A151FFB00D875E8 /* ValidationMessage.swift */,
			);
			path = "Input Validation";
			sourceTree = "<group>";
		};
		4CE23E412A1B539400D875E8 /* Features */ = {
			isa = PBXGroup;
			children = (
				4CE23E7C2A1B893400D875E8 /* Home */,
				4CE23E712A1B84AB00D875E8 /* Dashboard */,
				4CE23E502A1B566100D875E8 /* Base */,
				4CE23E422A1B539E00D875E8 /* Authentication */,
			);
			path = Features;
			sourceTree = "<group>";
		};
		4CE23E422A1B539E00D875E8 /* Authentication */ = {
			isa = PBXGroup;
			children = (
				4CE23E5C2A1B5F2300D875E8 /* Views */,
				4CE23E572A1B595100D875E8 /* Controllers */,
				4CE23E4A2A1B554A00D875E8 /* Utils */,
				4CE23E4F2A1B55F900D875E8 /* ViewModel */,
			);
			path = Authentication;
			sourceTree = "<group>";
		};
		4CE23E432A1B540300D875E8 /* Dependency Graph */ = {
			isa = PBXGroup;
			children = (
				4CE23E442A1B542600D875E8 /* DependencyContainer.swift */,
				4CE23E462A1B547A00D875E8 /* AuthDependencyContainer.swift */,
				4CE23E672A1B6D0700D875E8 /* CommonDependencyContainer.swift */,
				4CE23E742A1B867C00D875E8 /* DashboardDependencyContainer.swift */,
			);
			path = "Dependency Graph";
			sourceTree = "<group>";
		};
		4CE23E4A2A1B554A00D875E8 /* Utils */ = {
			isa = PBXGroup;
			children = (
				4CE23E4B2A1B555900D875E8 /* AuthNavRoute.swift */,
			);
			path = Utils;
			sourceTree = "<group>";
		};
		4CE23E4F2A1B55F900D875E8 /* ViewModel */ = {
			isa = PBXGroup;
			children = (
				4CE23E482A1B54FF00D875E8 /* IAuthViewModel.swift */,
				4CE23E4D2A1B55E400D875E8 /* AuthViewModelImpl.swift */,
			);
			path = ViewModel;
			sourceTree = "<group>";
		};
		4CE23E502A1B566100D875E8 /* Base */ = {
			isa = PBXGroup;
			children = (
				4CE23E512A1B567200D875E8 /* BaseViewModel.swift */,
				4CE23E5A2A1B599700D875E8 /* BaseViewController.swift */,
				4CE23E612A1B68E000D875E8 /* IBaseViewModel.swift */,
			);
			path = Base;
			sourceTree = "<group>";
		};
		4CE23E532A1B586900D875E8 /* Remote */ = {
			isa = PBXGroup;
			children = (
				4CE23E542A1B587B00D875E8 /* Auth */,
			);
			path = Remote;
			sourceTree = "<group>";
		};
		4CE23E542A1B587B00D875E8 /* Auth */ = {
			isa = PBXGroup;
			children = (
				4CE23E552A1B589100D875E8 /* IAuthRemoteDatasource.swift */,
				4CE23E692A1B6DF600D875E8 /* AuthRemoteDatasourceImpl.swift */,
			);
			path = Auth;
			sourceTree = "<group>";
		};
		4CE23E572A1B595100D875E8 /* Controllers */ = {
			isa = PBXGroup;
			children = (
				4CE23E582A1B596700D875E8 /* LogInViewController.swift */,
			);
			path = Controllers;
			sourceTree = "<group>";
		};
		4CE23E5C2A1B5F2300D875E8 /* Views */ = {
			isa = PBXGroup;
			children = (
				4CE23E5D2A1B5F3800D875E8 /* LoginView.swift */,
			);
			path = Views;
			sourceTree = "<group>";
		};
		4CE23E642A1B6A0800D875E8 /* Entities */ = {
			isa = PBXGroup;
			children = (
				4CE23E652A1B6A1900D875E8 /* BPError.swift */,
			);
			path = Entities;
			sourceTree = "<group>";
		};
		4CE23E6B2A1B6E1C00D875E8 /* Base */ = {
			isa = PBXGroup;
			children = (
				4CE23E6C2A1B6E2C00D875E8 /* BaseRemoteDatasource.swift */,
			);
			path = Base;
			sourceTree = "<group>";
		};
		4CE23E6E2A1B6F0200D875E8 /* Utils */ = {
			isa = PBXGroup;
			children = (
				4CE23E6F2A1B6F1200D875E8 /* RemotePath.swift */,
			);
			path = Utils;
			sourceTree = "<group>";
		};
		4CE23E712A1B84AB00D875E8 /* Dashboard */ = {
			isa = PBXGroup;
			children = (
				4CE23E772A1B86EF00D875E8 /* View Model */,
				4CE23E762A1B86E000D875E8 /* Controllers */,
			);
			path = Dashboard;
			sourceTree = "<group>";
		};
		4CE23E762A1B86E000D875E8 /* Controllers */ = {
			isa = PBXGroup;
			children = (
				4CE23E722A1B851900D875E8 /* DashboardTabController.swift */,
			);
			path = Controllers;
			sourceTree = "<group>";
		};
		4CE23E772A1B86EF00D875E8 /* View Model */ = {
			isa = PBXGroup;
			children = (
				4CE23E782A1B870500D875E8 /* IDashboardViewModel.swift */,
				4CE23E7A2A1B874C00D875E8 /* DashboardViewModelImpl.swift */,
			);
			path = "View Model";
			sourceTree = "<group>";
		};
		4CE23E7C2A1B893400D875E8 /* Home */ = {
			isa = PBXGroup;
			children = (
				4CE23E802A1B896B00D875E8 /* Views */,
				4CE23E7F2A1B896000D875E8 /* View Model */,
				4CE23E7E2A1B894B00D875E8 /* Controllers */,
				4CE23E7D2A1B894400D875E8 /* Utils */,
			);
			path = Home;
			sourceTree = "<group>";
		};
		4CE23E7D2A1B894400D875E8 /* Utils */ = {
			isa = PBXGroup;
			children = (
			);
			path = Utils;
			sourceTree = "<group>";
		};
		4CE23E7E2A1B894B00D875E8 /* Controllers */ = {
			isa = PBXGroup;
			children = (
				4CE23E812A1B898400D875E8 /* HomeViewController.swift */,
			);
			path = Controllers;
			sourceTree = "<group>";
		};
		4CE23E7F2A1B896000D875E8 /* View Model */ = {
			isa = PBXGroup;
			children = (
				4CE23E852A1B89E900D875E8 /* IHomeViewModel.swift */,
				4CE23E872A1B926D00D875E8 /* HomeViewModelImpl.swift */,
			);
			path = "View Model";
			sourceTree = "<group>";
		};
		4CE23E802A1B896B00D875E8 /* Views */ = {
			isa = PBXGroup;
			children = (
				4CE23E832A1B89A600D875E8 /* HomeView.swift */,
				4C7BE9F72A1BA907004E6589 /* HomeCollectionViewCell.swift */,
			);
			path = Views;
			sourceTree = "<group>";
		};
		A375217BE062866CB03B66CB /* Frameworks */ = {
			isa = PBXGroup;
			children = (
				E1639080967ED7AD65D36283 /* Pods_BlinqPay.framework */,
				099B37F2B5BA02C9091BD234 /* Pods_BlinqPay_BlinqPayUITests.framework */,
				9C79D2E09EDB4F2BE71F4D0A /* Pods_BlinqPayTests.framework */,
			);
			name = Frameworks;
			sourceTree = "<group>";
		};
		C44F109044C804993B6D07B5 /* Pods */ = {
			isa = PBXGroup;
			children = (
				5B6BBE531AB94D5556B2825A /* Pods-BlinqPay.debug.xcconfig */,
				A324713C1DEBE7504891E743 /* Pods-BlinqPay.release.xcconfig */,
				69AEE59FAF9545A938801D92 /* Pods-BlinqPay-BlinqPayUITests.debug.xcconfig */,
				D220EC56BDF5EFC49E15FD83 /* Pods-BlinqPay-BlinqPayUITests.release.xcconfig */,
				92CFCA3E37533D7D220516C9 /* Pods-BlinqPayTests.debug.xcconfig */,
				FD7C93117FDF3C9D84007F68 /* Pods-BlinqPayTests.release.xcconfig */,
			);
			path = Pods;
			sourceTree = "<group>";
		};
/* End PBXGroup section */

/* Begin PBXNativeTarget section */
		4CE23DAE2A13987E00D875E8 /* BlinqPay */ = {
			isa = PBXNativeTarget;
			buildConfigurationList = 4CE23DD92A13988100D875E8 /* Build configuration list for PBXNativeTarget "BlinqPay" */;
			buildPhases = (
				76E27A3BB150CFD7443085AE /* [CP] Check Pods Manifest.lock */,
				4CE23DAB2A13987E00D875E8 /* Sources */,
				4CE23DAC2A13987E00D875E8 /* Frameworks */,
				4CE23DAD2A13987E00D875E8 /* Resources */,
				F5144DB835D695744D6583F6 /* [CP] Embed Pods Frameworks */,
			);
			buildRules = (
			);
			dependencies = (
			);
			name = BlinqPay;
			packageProductDependencies = (
				4CE23DE32A13FC7700D875E8 /* FirebaseFirestore */,
				4CE23DE82A1406AA00D875E8 /* Realm */,
				4CE23DEA2A1406AA00D875E8 /* RealmSwift */,
				4CE23DED2A14089900D875E8 /* Swinject */,
			);
			productName = BlinqPay;
			productReference = 4CE23DAF2A13987E00D875E8 /* BlinqPay.app */;
			productType = "com.apple.product-type.application";
		};
		4CE23DC42A13988100D875E8 /* BlinqPayTests */ = {
			isa = PBXNativeTarget;
			buildConfigurationList = 4CE23DDC2A13988100D875E8 /* Build configuration list for PBXNativeTarget "BlinqPayTests" */;
			buildPhases = (
				1805A455244AEDA4DB094CC3 /* [CP] Check Pods Manifest.lock */,
				4CE23DC12A13988100D875E8 /* Sources */,
				4CE23DC22A13988100D875E8 /* Frameworks */,
				4CE23DC32A13988100D875E8 /* Resources */,
			);
			buildRules = (
			);
			dependencies = (
				4CE23DC72A13988100D875E8 /* PBXTargetDependency */,
			);
			name = BlinqPayTests;
			productName = BlinqPayTests;
			productReference = 4CE23DC52A13988100D875E8 /* BlinqPayTests.xctest */;
			productType = "com.apple.product-type.bundle.unit-test";
		};
		4CE23DCE2A13988100D875E8 /* BlinqPayUITests */ = {
			isa = PBXNativeTarget;
			buildConfigurationList = 4CE23DDF2A13988100D875E8 /* Build configuration list for PBXNativeTarget "BlinqPayUITests" */;
			buildPhases = (
				86F7D53E5A5F12FA84D5CBA5 /* [CP] Check Pods Manifest.lock */,
				4CE23DCB2A13988100D875E8 /* Sources */,
				4CE23DCC2A13988100D875E8 /* Frameworks */,
				4CE23DCD2A13988100D875E8 /* Resources */,
				9ADA4C5DAED2AF9DCA075F4B /* [CP] Embed Pods Frameworks */,
			);
			buildRules = (
			);
			dependencies = (
				4CE23DD12A13988100D875E8 /* PBXTargetDependency */,
			);
			name = BlinqPayUITests;
			productName = BlinqPayUITests;
			productReference = 4CE23DCF2A13988100D875E8 /* BlinqPayUITests.xctest */;
			productType = "com.apple.product-type.bundle.ui-testing";
		};
/* End PBXNativeTarget section */

/* Begin PBXProject section */
		4CE23DA72A13987E00D875E8 /* Project object */ = {
			isa = PBXProject;
			attributes = {
				BuildIndependentTargetsInParallel = 1;
				LastSwiftUpdateCheck = 1420;
				LastUpgradeCheck = 1420;
				TargetAttributes = {
					4CE23DAE2A13987E00D875E8 = {
						CreatedOnToolsVersion = 14.2;
					};
					4CE23DC42A13988100D875E8 = {
						CreatedOnToolsVersion = 14.2;
						TestTargetID = 4CE23DAE2A13987E00D875E8;
					};
					4CE23DCE2A13988100D875E8 = {
						CreatedOnToolsVersion = 14.2;
						TestTargetID = 4CE23DAE2A13987E00D875E8;
					};
				};
			};
			buildConfigurationList = 4CE23DAA2A13987E00D875E8 /* Build configuration list for PBXProject "BlinqPay" */;
			compatibilityVersion = "Xcode 13.0";
			developmentRegion = en;
			hasScannedForEncodings = 0;
			knownRegions = (
				en,
				Base,
			);
			mainGroup = 4CE23DA62A13987E00D875E8;
			packageReferences = (
				4CE23DE22A13FC7700D875E8 /* XCRemoteSwiftPackageReference "firebase-ios-sdk" */,
				4CE23DE72A1406AA00D875E8 /* XCRemoteSwiftPackageReference "realm-swift" */,
				4CE23DEC2A14089900D875E8 /* XCRemoteSwiftPackageReference "Swinject" */,
			);
			productRefGroup = 4CE23DB02A13987E00D875E8 /* Products */;
			projectDirPath = "";
			projectRoot = "";
			targets = (
				4CE23DAE2A13987E00D875E8 /* BlinqPay */,
				4CE23DC42A13988100D875E8 /* BlinqPayTests */,
				4CE23DCE2A13988100D875E8 /* BlinqPayUITests */,
			);
		};
/* End PBXProject section */

/* Begin PBXResourcesBuildPhase section */
		4CE23DAD2A13987E00D875E8 /* Resources */ = {
			isa = PBXResourcesBuildPhase;
			buildActionMask = 2147483647;
			files = (
				4CE23DBF2A13988100D875E8 /* LaunchScreen.storyboard in Resources */,
				4CE23E182A14FB0700D875E8 /* Product Sans Regular.ttf in Resources */,
				4CE23E172A14FB0700D875E8 /* Product Sans Bold Italic.ttf in Resources */,
				4CE23E162A14FB0700D875E8 /* Product Sans Bold.ttf in Resources */,
				4CE23DBC2A13988100D875E8 /* Assets.xcassets in Resources */,
				4CE23DE62A13FD4E00D875E8 /* GoogleService-Info.plist in Resources */,
				4CE23E152A14FB0700D875E8 /* Product Sans Italic.ttf in Resources */,
			);
			runOnlyForDeploymentPostprocessing = 0;
		};
		4CE23DC32A13988100D875E8 /* Resources */ = {
			isa = PBXResourcesBuildPhase;
			buildActionMask = 2147483647;
			files = (
			);
			runOnlyForDeploymentPostprocessing = 0;
		};
		4CE23DCD2A13988100D875E8 /* Resources */ = {
			isa = PBXResourcesBuildPhase;
			buildActionMask = 2147483647;
			files = (
			);
			runOnlyForDeploymentPostprocessing = 0;
		};
/* End PBXResourcesBuildPhase section */

/* Begin PBXShellScriptBuildPhase section */
		1805A455244AEDA4DB094CC3 /* [CP] Check Pods Manifest.lock */ = {
			isa = PBXShellScriptBuildPhase;
			buildActionMask = 2147483647;
			files = (
			);
			inputFileListPaths = (
			);
			inputPaths = (
				"${PODS_PODFILE_DIR_PATH}/Podfile.lock",
				"${PODS_ROOT}/Manifest.lock",
			);
			name = "[CP] Check Pods Manifest.lock";
			outputFileListPaths = (
			);
			outputPaths = (
				"$(DERIVED_FILE_DIR)/Pods-BlinqPayTests-checkManifestLockResult.txt",
			);
			runOnlyForDeploymentPostprocessing = 0;
			shellPath = /bin/sh;
			shellScript = "diff \"${PODS_PODFILE_DIR_PATH}/Podfile.lock\" \"${PODS_ROOT}/Manifest.lock\" > /dev/null\nif [ $? != 0 ] ; then\n    # print error to STDERR\n    echo \"error: The sandbox is not in sync with the Podfile.lock. Run 'pod install' or update your CocoaPods installation.\" >&2\n    exit 1\nfi\n# This output is used by Xcode 'outputs' to avoid re-running this script phase.\necho \"SUCCESS\" > \"${SCRIPT_OUTPUT_FILE_0}\"\n";
			showEnvVarsInLog = 0;
		};
		76E27A3BB150CFD7443085AE /* [CP] Check Pods Manifest.lock */ = {
			isa = PBXShellScriptBuildPhase;
			buildActionMask = 2147483647;
			files = (
			);
			inputFileListPaths = (
			);
			inputPaths = (
				"${PODS_PODFILE_DIR_PATH}/Podfile.lock",
				"${PODS_ROOT}/Manifest.lock",
			);
			name = "[CP] Check Pods Manifest.lock";
			outputFileListPaths = (
			);
			outputPaths = (
				"$(DERIVED_FILE_DIR)/Pods-BlinqPay-checkManifestLockResult.txt",
			);
			runOnlyForDeploymentPostprocessing = 0;
			shellPath = /bin/sh;
			shellScript = "diff \"${PODS_PODFILE_DIR_PATH}/Podfile.lock\" \"${PODS_ROOT}/Manifest.lock\" > /dev/null\nif [ $? != 0 ] ; then\n    # print error to STDERR\n    echo \"error: The sandbox is not in sync with the Podfile.lock. Run 'pod install' or update your CocoaPods installation.\" >&2\n    exit 1\nfi\n# This output is used by Xcode 'outputs' to avoid re-running this script phase.\necho \"SUCCESS\" > \"${SCRIPT_OUTPUT_FILE_0}\"\n";
			showEnvVarsInLog = 0;
		};
		86F7D53E5A5F12FA84D5CBA5 /* [CP] Check Pods Manifest.lock */ = {
			isa = PBXShellScriptBuildPhase;
			buildActionMask = 2147483647;
			files = (
			);
			inputFileListPaths = (
			);
			inputPaths = (
				"${PODS_PODFILE_DIR_PATH}/Podfile.lock",
				"${PODS_ROOT}/Manifest.lock",
			);
			name = "[CP] Check Pods Manifest.lock";
			outputFileListPaths = (
			);
			outputPaths = (
				"$(DERIVED_FILE_DIR)/Pods-BlinqPay-BlinqPayUITests-checkManifestLockResult.txt",
			);
			runOnlyForDeploymentPostprocessing = 0;
			shellPath = /bin/sh;
			shellScript = "diff \"${PODS_PODFILE_DIR_PATH}/Podfile.lock\" \"${PODS_ROOT}/Manifest.lock\" > /dev/null\nif [ $? != 0 ] ; then\n    # print error to STDERR\n    echo \"error: The sandbox is not in sync with the Podfile.lock. Run 'pod install' or update your CocoaPods installation.\" >&2\n    exit 1\nfi\n# This output is used by Xcode 'outputs' to avoid re-running this script phase.\necho \"SUCCESS\" > \"${SCRIPT_OUTPUT_FILE_0}\"\n";
			showEnvVarsInLog = 0;
		};
		9ADA4C5DAED2AF9DCA075F4B /* [CP] Embed Pods Frameworks */ = {
			isa = PBXShellScriptBuildPhase;
			buildActionMask = 2147483647;
			files = (
			);
			inputFileListPaths = (
				"${PODS_ROOT}/Target Support Files/Pods-BlinqPay-BlinqPayUITests/Pods-BlinqPay-BlinqPayUITests-frameworks-${CONFIGURATION}-input-files.xcfilelist",
			);
			name = "[CP] Embed Pods Frameworks";
			outputFileListPaths = (
				"${PODS_ROOT}/Target Support Files/Pods-BlinqPay-BlinqPayUITests/Pods-BlinqPay-BlinqPayUITests-frameworks-${CONFIGURATION}-output-files.xcfilelist",
			);
			runOnlyForDeploymentPostprocessing = 0;
			shellPath = /bin/sh;
			shellScript = "\"${PODS_ROOT}/Target Support Files/Pods-BlinqPay-BlinqPayUITests/Pods-BlinqPay-BlinqPayUITests-frameworks.sh\"\n";
			showEnvVarsInLog = 0;
		};
		F5144DB835D695744D6583F6 /* [CP] Embed Pods Frameworks */ = {
			isa = PBXShellScriptBuildPhase;
			buildActionMask = 2147483647;
			files = (
			);
			inputFileListPaths = (
				"${PODS_ROOT}/Target Support Files/Pods-BlinqPay/Pods-BlinqPay-frameworks-${CONFIGURATION}-input-files.xcfilelist",
			);
			name = "[CP] Embed Pods Frameworks";
			outputFileListPaths = (
				"${PODS_ROOT}/Target Support Files/Pods-BlinqPay/Pods-BlinqPay-frameworks-${CONFIGURATION}-output-files.xcfilelist",
			);
			runOnlyForDeploymentPostprocessing = 0;
			shellPath = /bin/sh;
			shellScript = "\"${PODS_ROOT}/Target Support Files/Pods-BlinqPay/Pods-BlinqPay-frameworks.sh\"\n";
			showEnvVarsInLog = 0;
		};
/* End PBXShellScriptBuildPhase section */

/* Begin PBXSourcesBuildPhase section */
		4CE23DAB2A13987E00D875E8 /* Sources */ = {
			isa = PBXSourcesBuildPhase;
			buildActionMask = 2147483647;
			files = (
				4CE23E092A14ED8400D875E8 /* Code+Utils.swift in Sources */,
				4CE23E262A1514F500D875E8 /* ViewControllerType.swift in Sources */,
				4CE23E822A1B898400D875E8 /* HomeViewController.swift in Sources */,
				4CE23E3A2A151FFB00D875E8 /* ValidationMessage.swift in Sources */,
				4CE23E5E2A1B5F3800D875E8 /* LoginView.swift in Sources */,
				4CE23E1E2A14FF4600D875E8 /* Constants.swift in Sources */,
				4CE23E0F2A14F59200D875E8 /* Toast.swift in Sources */,
				4CE23E1A2A14FE6C00D875E8 /* UIFont+Utils.swift in Sources */,
				4CE23E312A151EB600D875E8 /* Date+Utils.swift in Sources */,
				4CE23DF72A14E69500D875E8 /* UIColor+Utils.swift in Sources */,
				4CE23E562A1B589100D875E8 /* IAuthRemoteDatasource.swift in Sources */,
				4CE23E4C2A1B555900D875E8 /* AuthNavRoute.swift in Sources */,
				4C7BE9FB2A1BBBD0004E6589 /* IconTextView.swift in Sources */,
				4CE23E3E2A15226600D875E8 /* CustomTextField.swift in Sources */,
				4CE23E882A1B926D00D875E8 /* HomeViewModelImpl.swift in Sources */,
				4CE23E6A2A1B6DF600D875E8 /* AuthRemoteDatasourceImpl.swift in Sources */,
				4CE23E7B2A1B874C00D875E8 /* DashboardViewModelImpl.swift in Sources */,
				4CE23E052A14ECB200D875E8 /* StackView.swift in Sources */,
				4CE23E492A1B54FF00D875E8 /* IAuthViewModel.swift in Sources */,
				4CE23E5B2A1B599700D875E8 /* BaseViewController.swift in Sources */,
				4CE23E2F2A151E4200D875E8 /* UIView+Animations.swift in Sources */,
				4CE23E012A14EA3E00D875E8 /* PreferenceConstants.swift in Sources */,
				4CE23E2B2A1515FF00D875E8 /* Typealiases+Utils.swift in Sources */,
				4CE23E202A14FFEB00D875E8 /* UIView+AutoLayout+Utils.swift in Sources */,
				4C7BE9F82A1BA907004E6589 /* HomeCollectionViewCell.swift in Sources */,
				4CE23E382A151FDD00D875E8 /* ValidationType.swift in Sources */,
				4CE23E662A1B6A1900D875E8 /* BPError.swift in Sources */,
				4CE23DB72A13987E00D875E8 /* ViewController.swift in Sources */,
				4CE23E752A1B867C00D875E8 /* DashboardDependencyContainer.swift in Sources */,
				4CE23E4E2A1B55E400D875E8 /* AuthViewModelImpl.swift in Sources */,
				4CE23E3C2A1521DA00D875E8 /* BaseScrollView.swift in Sources */,
				4CE23DB32A13987E00D875E8 /* AppDelegate.swift in Sources */,
				4CE23E862A1B89E900D875E8 /* IHomeViewModel.swift in Sources */,
				4CE23E072A14ED2300D875E8 /* BaseCollectionView.swift in Sources */,
				4CE23E222A1513D700D875E8 /* CustomButton.swift in Sources */,
				4CE23E682A1B6D0700D875E8 /* CommonDependencyContainer.swift in Sources */,
				4CE23E602A1B677B00D875E8 /* Loader.swift in Sources */,
				4CE23DFD2A14E9E100D875E8 /* PreferenceImpl.swift in Sources */,
				4C7BE9FD2A1BBBEF004E6589 /* IconPosition.swift in Sources */,
				4CE23DFF2A14EA1200D875E8 /* Preference+Utils.swift in Sources */,
				4CE23E032A14EC8500D875E8 /* AlertMessage.swift in Sources */,
				4CE23E242A1514AD00D875E8 /* BaseCollectionViewCell.swift in Sources */,
				4CE23E292A1515A400D875E8 /* ConfirmationDialogViewController.swift in Sources */,
				4CE23DB52A13987E00D875E8 /* SceneDelegate.swift in Sources */,
				4CE23E702A1B6F1200D875E8 /* RemotePath.swift in Sources */,
				4CE23E472A1B547B00D875E8 /* AuthDependencyContainer.swift in Sources */,
				4CE23E842A1B89A600D875E8 /* HomeView.swift in Sources */,
				4CE23E522A1B567200D875E8 /* BaseViewModel.swift in Sources */,
				4CE23E342A151F4A00D875E8 /* IInputValidator.swift in Sources */,
				4CE23E622A1B68E000D875E8 /* IBaseViewModel.swift in Sources */,
				4CE23E6D2A1B6E2C00D875E8 /* BaseRemoteDatasource.swift in Sources */,
				4C7BE9FF2A1BBC20004E6589 /* IconUILabel.swift in Sources */,
				4CE23E402A1522BD00D875E8 /* PickerManager.swift in Sources */,
				4CE23E0D2A14F4AA00D875E8 /* ScopeFunctions.swift in Sources */,
				4CE23E0B2A14F43100D875E8 /* Numeric+Utils.swift in Sources */,
				4CE23E362A151F6700D875E8 /* InputValidatorImpl.swift in Sources */,
				4CE23DFB2A14E9B500D875E8 /* IPreference.swift in Sources */,
				4CE23E1C2A14FEC800D875E8 /* UIView+Utils.swift in Sources */,
				4CE23E2D2A1516F400D875E8 /* UIViewController+Utils.swift in Sources */,
				4CE23E792A1B870500D875E8 /* IDashboardViewModel.swift in Sources */,
				4CE23E592A1B596700D875E8 /* LogInViewController.swift in Sources */,
				4CE23E732A1B851900D875E8 /* DashboardTabController.swift in Sources */,
				4CE23E452A1B542600D875E8 /* DependencyContainer.swift in Sources */,
				4CE23DF52A14E29600D875E8 /* BaseView.swift in Sources */,
			);
			runOnlyForDeploymentPostprocessing = 0;
		};
		4CE23DC12A13988100D875E8 /* Sources */ = {
			isa = PBXSourcesBuildPhase;
			buildActionMask = 2147483647;
			files = (
				4CE23DCA2A13988100D875E8 /* BlinqPayTests.swift in Sources */,
			);
			runOnlyForDeploymentPostprocessing = 0;
		};
		4CE23DCB2A13988100D875E8 /* Sources */ = {
			isa = PBXSourcesBuildPhase;
			buildActionMask = 2147483647;
			files = (
				4CE23DD62A13988100D875E8 /* BlinqPayUITestsLaunchTests.swift in Sources */,
				4CE23DD42A13988100D875E8 /* BlinqPayUITests.swift in Sources */,
			);
			runOnlyForDeploymentPostprocessing = 0;
		};
/* End PBXSourcesBuildPhase section */

/* Begin PBXTargetDependency section */
		4CE23DC72A13988100D875E8 /* PBXTargetDependency */ = {
			isa = PBXTargetDependency;
			target = 4CE23DAE2A13987E00D875E8 /* BlinqPay */;
			targetProxy = 4CE23DC62A13988100D875E8 /* PBXContainerItemProxy */;
		};
		4CE23DD12A13988100D875E8 /* PBXTargetDependency */ = {
			isa = PBXTargetDependency;
			target = 4CE23DAE2A13987E00D875E8 /* BlinqPay */;
			targetProxy = 4CE23DD02A13988100D875E8 /* PBXContainerItemProxy */;
		};
/* End PBXTargetDependency section */

/* Begin PBXVariantGroup section */
		4CE23DBD2A13988100D875E8 /* LaunchScreen.storyboard */ = {
			isa = PBXVariantGroup;
			children = (
				4CE23DBE2A13988100D875E8 /* Base */,
			);
			name = LaunchScreen.storyboard;
			sourceTree = "<group>";
		};
/* End PBXVariantGroup section */

/* Begin XCBuildConfiguration section */
		4CE23DD72A13988100D875E8 /* Debug */ = {
			isa = XCBuildConfiguration;
			buildSettings = {
				ALWAYS_SEARCH_USER_PATHS = NO;
				CLANG_ANALYZER_NONNULL = YES;
				CLANG_ANALYZER_NUMBER_OBJECT_CONVERSION = YES_AGGRESSIVE;
				CLANG_CXX_LANGUAGE_STANDARD = "gnu++20";
				CLANG_ENABLE_MODULES = YES;
				CLANG_ENABLE_OBJC_ARC = YES;
				CLANG_ENABLE_OBJC_WEAK = YES;
				CLANG_WARN_BLOCK_CAPTURE_AUTORELEASING = YES;
				CLANG_WARN_BOOL_CONVERSION = YES;
				CLANG_WARN_COMMA = YES;
				CLANG_WARN_CONSTANT_CONVERSION = YES;
				CLANG_WARN_DEPRECATED_OBJC_IMPLEMENTATIONS = YES;
				CLANG_WARN_DIRECT_OBJC_ISA_USAGE = YES_ERROR;
				CLANG_WARN_DOCUMENTATION_COMMENTS = YES;
				CLANG_WARN_EMPTY_BODY = YES;
				CLANG_WARN_ENUM_CONVERSION = YES;
				CLANG_WARN_INFINITE_RECURSION = YES;
				CLANG_WARN_INT_CONVERSION = YES;
				CLANG_WARN_NON_LITERAL_NULL_CONVERSION = YES;
				CLANG_WARN_OBJC_IMPLICIT_RETAIN_SELF = YES;
				CLANG_WARN_OBJC_LITERAL_CONVERSION = YES;
				CLANG_WARN_OBJC_ROOT_CLASS = YES_ERROR;
				CLANG_WARN_QUOTED_INCLUDE_IN_FRAMEWORK_HEADER = YES;
				CLANG_WARN_RANGE_LOOP_ANALYSIS = YES;
				CLANG_WARN_STRICT_PROTOTYPES = YES;
				CLANG_WARN_SUSPICIOUS_MOVE = YES;
				CLANG_WARN_UNGUARDED_AVAILABILITY = YES_AGGRESSIVE;
				CLANG_WARN_UNREACHABLE_CODE = YES;
				CLANG_WARN__DUPLICATE_METHOD_MATCH = YES;
				COPY_PHASE_STRIP = NO;
				DEBUG_INFORMATION_FORMAT = dwarf;
				ENABLE_STRICT_OBJC_MSGSEND = YES;
				ENABLE_TESTABILITY = YES;
				GCC_C_LANGUAGE_STANDARD = gnu11;
				GCC_DYNAMIC_NO_PIC = NO;
				GCC_NO_COMMON_BLOCKS = YES;
				GCC_OPTIMIZATION_LEVEL = 0;
				GCC_PREPROCESSOR_DEFINITIONS = (
					"DEBUG=1",
					"$(inherited)",
				);
				GCC_WARN_64_TO_32_BIT_CONVERSION = YES;
				GCC_WARN_ABOUT_RETURN_TYPE = YES_ERROR;
				GCC_WARN_UNDECLARED_SELECTOR = YES;
				GCC_WARN_UNINITIALIZED_AUTOS = YES_AGGRESSIVE;
				GCC_WARN_UNUSED_FUNCTION = YES;
				GCC_WARN_UNUSED_VARIABLE = YES;
				IPHONEOS_DEPLOYMENT_TARGET = 16.2;
				MTL_ENABLE_DEBUG_INFO = INCLUDE_SOURCE;
				MTL_FAST_MATH = YES;
				ONLY_ACTIVE_ARCH = YES;
				SDKROOT = iphoneos;
				SWIFT_ACTIVE_COMPILATION_CONDITIONS = DEBUG;
				SWIFT_OPTIMIZATION_LEVEL = "-Onone";
			};
			name = Debug;
		};
		4CE23DD82A13988100D875E8 /* Release */ = {
			isa = XCBuildConfiguration;
			buildSettings = {
				ALWAYS_SEARCH_USER_PATHS = NO;
				CLANG_ANALYZER_NONNULL = YES;
				CLANG_ANALYZER_NUMBER_OBJECT_CONVERSION = YES_AGGRESSIVE;
				CLANG_CXX_LANGUAGE_STANDARD = "gnu++20";
				CLANG_ENABLE_MODULES = YES;
				CLANG_ENABLE_OBJC_ARC = YES;
				CLANG_ENABLE_OBJC_WEAK = YES;
				CLANG_WARN_BLOCK_CAPTURE_AUTORELEASING = YES;
				CLANG_WARN_BOOL_CONVERSION = YES;
				CLANG_WARN_COMMA = YES;
				CLANG_WARN_CONSTANT_CONVERSION = YES;
				CLANG_WARN_DEPRECATED_OBJC_IMPLEMENTATIONS = YES;
				CLANG_WARN_DIRECT_OBJC_ISA_USAGE = YES_ERROR;
				CLANG_WARN_DOCUMENTATION_COMMENTS = YES;
				CLANG_WARN_EMPTY_BODY = YES;
				CLANG_WARN_ENUM_CONVERSION = YES;
				CLANG_WARN_INFINITE_RECURSION = YES;
				CLANG_WARN_INT_CONVERSION = YES;
				CLANG_WARN_NON_LITERAL_NULL_CONVERSION = YES;
				CLANG_WARN_OBJC_IMPLICIT_RETAIN_SELF = YES;
				CLANG_WARN_OBJC_LITERAL_CONVERSION = YES;
				CLANG_WARN_OBJC_ROOT_CLASS = YES_ERROR;
				CLANG_WARN_QUOTED_INCLUDE_IN_FRAMEWORK_HEADER = YES;
				CLANG_WARN_RANGE_LOOP_ANALYSIS = YES;
				CLANG_WARN_STRICT_PROTOTYPES = YES;
				CLANG_WARN_SUSPICIOUS_MOVE = YES;
				CLANG_WARN_UNGUARDED_AVAILABILITY = YES_AGGRESSIVE;
				CLANG_WARN_UNREACHABLE_CODE = YES;
				CLANG_WARN__DUPLICATE_METHOD_MATCH = YES;
				COPY_PHASE_STRIP = NO;
				DEBUG_INFORMATION_FORMAT = "dwarf-with-dsym";
				ENABLE_NS_ASSERTIONS = NO;
				ENABLE_STRICT_OBJC_MSGSEND = YES;
				GCC_C_LANGUAGE_STANDARD = gnu11;
				GCC_NO_COMMON_BLOCKS = YES;
				GCC_WARN_64_TO_32_BIT_CONVERSION = YES;
				GCC_WARN_ABOUT_RETURN_TYPE = YES_ERROR;
				GCC_WARN_UNDECLARED_SELECTOR = YES;
				GCC_WARN_UNINITIALIZED_AUTOS = YES_AGGRESSIVE;
				GCC_WARN_UNUSED_FUNCTION = YES;
				GCC_WARN_UNUSED_VARIABLE = YES;
				IPHONEOS_DEPLOYMENT_TARGET = 16.2;
				MTL_ENABLE_DEBUG_INFO = NO;
				MTL_FAST_MATH = YES;
				SDKROOT = iphoneos;
				SWIFT_COMPILATION_MODE = wholemodule;
				SWIFT_OPTIMIZATION_LEVEL = "-O";
				VALIDATE_PRODUCT = YES;
			};
			name = Release;
		};
		4CE23DDA2A13988100D875E8 /* Debug */ = {
			isa = XCBuildConfiguration;
			baseConfigurationReference = 5B6BBE531AB94D5556B2825A /* Pods-BlinqPay.debug.xcconfig */;
			buildSettings = {
				ASSETCATALOG_COMPILER_APPICON_NAME = AppIcon;
				ASSETCATALOG_COMPILER_GLOBAL_ACCENT_COLOR_NAME = AccentColor;
				CODE_SIGN_STYLE = Automatic;
				CURRENT_PROJECT_VERSION = 1;
				GENERATE_INFOPLIST_FILE = YES;
				INFOPLIST_FILE = BlinqPay/Info.plist;
				INFOPLIST_KEY_CFBundleDisplayName = "Blinq Post";
				INFOPLIST_KEY_UIApplicationSupportsIndirectInputEvents = YES;
				INFOPLIST_KEY_UILaunchStoryboardName = LaunchScreen;
				INFOPLIST_KEY_UISupportedInterfaceOrientations = UIInterfaceOrientationPortrait;
				INFOPLIST_KEY_UISupportedInterfaceOrientations_iPad = "UIInterfaceOrientationLandscapeLeft UIInterfaceOrientationLandscapeRight UIInterfaceOrientationPortrait UIInterfaceOrientationPortraitUpsideDown";
				IPHONEOS_DEPLOYMENT_TARGET = 11.0;
				LD_RUNPATH_SEARCH_PATHS = (
					"$(inherited)",
					"@executable_path/Frameworks",
				);
				MARKETING_VERSION = 1.0;
				PRODUCT_BUNDLE_IDENTIFIER = io.blinqpay.blinqpost;
				PRODUCT_NAME = "$(TARGET_NAME)";
				SWIFT_EMIT_LOC_STRINGS = YES;
				SWIFT_VERSION = 5.0;
				TARGETED_DEVICE_FAMILY = "1,2";
			};
			name = Debug;
		};
		4CE23DDB2A13988100D875E8 /* Release */ = {
			isa = XCBuildConfiguration;
			baseConfigurationReference = A324713C1DEBE7504891E743 /* Pods-BlinqPay.release.xcconfig */;
			buildSettings = {
				ASSETCATALOG_COMPILER_APPICON_NAME = AppIcon;
				ASSETCATALOG_COMPILER_GLOBAL_ACCENT_COLOR_NAME = AccentColor;
				CODE_SIGN_STYLE = Automatic;
				CURRENT_PROJECT_VERSION = 1;
				GENERATE_INFOPLIST_FILE = YES;
				INFOPLIST_FILE = BlinqPay/Info.plist;
				INFOPLIST_KEY_CFBundleDisplayName = "Blinq Post";
				INFOPLIST_KEY_UIApplicationSupportsIndirectInputEvents = YES;
				INFOPLIST_KEY_UILaunchStoryboardName = LaunchScreen;
				INFOPLIST_KEY_UISupportedInterfaceOrientations = UIInterfaceOrientationPortrait;
				INFOPLIST_KEY_UISupportedInterfaceOrientations_iPad = "UIInterfaceOrientationLandscapeLeft UIInterfaceOrientationLandscapeRight UIInterfaceOrientationPortrait UIInterfaceOrientationPortraitUpsideDown";
				IPHONEOS_DEPLOYMENT_TARGET = 11.0;
				LD_RUNPATH_SEARCH_PATHS = (
					"$(inherited)",
					"@executable_path/Frameworks",
				);
				MARKETING_VERSION = 1.0;
				PRODUCT_BUNDLE_IDENTIFIER = io.blinqpay.blinqpost;
				PRODUCT_NAME = "$(TARGET_NAME)";
				SWIFT_EMIT_LOC_STRINGS = YES;
				SWIFT_VERSION = 5.0;
				TARGETED_DEVICE_FAMILY = "1,2";
			};
			name = Release;
		};
		4CE23DDD2A13988100D875E8 /* Debug */ = {
			isa = XCBuildConfiguration;
			baseConfigurationReference = 92CFCA3E37533D7D220516C9 /* Pods-BlinqPayTests.debug.xcconfig */;
			buildSettings = {
				ALWAYS_EMBED_SWIFT_STANDARD_LIBRARIES = YES;
				BUNDLE_LOADER = "$(TEST_HOST)";
				CODE_SIGN_STYLE = Automatic;
				CURRENT_PROJECT_VERSION = 1;
				GENERATE_INFOPLIST_FILE = YES;
				IPHONEOS_DEPLOYMENT_TARGET = 16.2;
				MARKETING_VERSION = 1.0;
				PRODUCT_BUNDLE_IDENTIFIER = com.folahanmi.BlinqPayTests;
				PRODUCT_NAME = "$(TARGET_NAME)";
				SWIFT_EMIT_LOC_STRINGS = NO;
				SWIFT_VERSION = 5.0;
				TARGETED_DEVICE_FAMILY = "1,2";
				TEST_HOST = "$(BUILT_PRODUCTS_DIR)/BlinqPay.app/$(BUNDLE_EXECUTABLE_FOLDER_PATH)/BlinqPay";
			};
			name = Debug;
		};
		4CE23DDE2A13988100D875E8 /* Release */ = {
			isa = XCBuildConfiguration;
			baseConfigurationReference = FD7C93117FDF3C9D84007F68 /* Pods-BlinqPayTests.release.xcconfig */;
			buildSettings = {
				ALWAYS_EMBED_SWIFT_STANDARD_LIBRARIES = YES;
				BUNDLE_LOADER = "$(TEST_HOST)";
				CODE_SIGN_STYLE = Automatic;
				CURRENT_PROJECT_VERSION = 1;
				GENERATE_INFOPLIST_FILE = YES;
				IPHONEOS_DEPLOYMENT_TARGET = 16.2;
				MARKETING_VERSION = 1.0;
				PRODUCT_BUNDLE_IDENTIFIER = com.folahanmi.BlinqPayTests;
				PRODUCT_NAME = "$(TARGET_NAME)";
				SWIFT_EMIT_LOC_STRINGS = NO;
				SWIFT_VERSION = 5.0;
				TARGETED_DEVICE_FAMILY = "1,2";
				TEST_HOST = "$(BUILT_PRODUCTS_DIR)/BlinqPay.app/$(BUNDLE_EXECUTABLE_FOLDER_PATH)/BlinqPay";
			};
			name = Release;
		};
		4CE23DE02A13988100D875E8 /* Debug */ = {
			isa = XCBuildConfiguration;
			baseConfigurationReference = 69AEE59FAF9545A938801D92 /* Pods-BlinqPay-BlinqPayUITests.debug.xcconfig */;
			buildSettings = {
				ALWAYS_EMBED_SWIFT_STANDARD_LIBRARIES = YES;
				CODE_SIGN_STYLE = Automatic;
				CURRENT_PROJECT_VERSION = 1;
				GENERATE_INFOPLIST_FILE = YES;
				MARKETING_VERSION = 1.0;
				PRODUCT_BUNDLE_IDENTIFIER = com.folahanmi.BlinqPayUITests;
				PRODUCT_NAME = "$(TARGET_NAME)";
				SWIFT_EMIT_LOC_STRINGS = NO;
				SWIFT_VERSION = 5.0;
				TARGETED_DEVICE_FAMILY = "1,2";
				TEST_TARGET_NAME = BlinqPay;
			};
			name = Debug;
		};
		4CE23DE12A13988100D875E8 /* Release */ = {
			isa = XCBuildConfiguration;
			baseConfigurationReference = D220EC56BDF5EFC49E15FD83 /* Pods-BlinqPay-BlinqPayUITests.release.xcconfig */;
			buildSettings = {
				ALWAYS_EMBED_SWIFT_STANDARD_LIBRARIES = YES;
				CODE_SIGN_STYLE = Automatic;
				CURRENT_PROJECT_VERSION = 1;
				GENERATE_INFOPLIST_FILE = YES;
				MARKETING_VERSION = 1.0;
				PRODUCT_BUNDLE_IDENTIFIER = com.folahanmi.BlinqPayUITests;
				PRODUCT_NAME = "$(TARGET_NAME)";
				SWIFT_EMIT_LOC_STRINGS = NO;
				SWIFT_VERSION = 5.0;
				TARGETED_DEVICE_FAMILY = "1,2";
				TEST_TARGET_NAME = BlinqPay;
			};
			name = Release;
		};
/* End XCBuildConfiguration section */

/* Begin XCConfigurationList section */
		4CE23DAA2A13987E00D875E8 /* Build configuration list for PBXProject "BlinqPay" */ = {
			isa = XCConfigurationList;
			buildConfigurations = (
				4CE23DD72A13988100D875E8 /* Debug */,
				4CE23DD82A13988100D875E8 /* Release */,
			);
			defaultConfigurationIsVisible = 0;
			defaultConfigurationName = Release;
		};
		4CE23DD92A13988100D875E8 /* Build configuration list for PBXNativeTarget "BlinqPay" */ = {
			isa = XCConfigurationList;
			buildConfigurations = (
				4CE23DDA2A13988100D875E8 /* Debug */,
				4CE23DDB2A13988100D875E8 /* Release */,
			);
			defaultConfigurationIsVisible = 0;
			defaultConfigurationName = Release;
		};
		4CE23DDC2A13988100D875E8 /* Build configuration list for PBXNativeTarget "BlinqPayTests" */ = {
			isa = XCConfigurationList;
			buildConfigurations = (
				4CE23DDD2A13988100D875E8 /* Debug */,
				4CE23DDE2A13988100D875E8 /* Release */,
			);
			defaultConfigurationIsVisible = 0;
			defaultConfigurationName = Release;
		};
		4CE23DDF2A13988100D875E8 /* Build configuration list for PBXNativeTarget "BlinqPayUITests" */ = {
			isa = XCConfigurationList;
			buildConfigurations = (
				4CE23DE02A13988100D875E8 /* Debug */,
				4CE23DE12A13988100D875E8 /* Release */,
			);
			defaultConfigurationIsVisible = 0;
			defaultConfigurationName = Release;
		};
/* End XCConfigurationList section */

/* Begin XCRemoteSwiftPackageReference section */
		4CE23DE22A13FC7700D875E8 /* XCRemoteSwiftPackageReference "firebase-ios-sdk" */ = {
			isa = XCRemoteSwiftPackageReference;
			repositoryURL = "https://github.com/firebase/firebase-ios-sdk";
			requirement = {
				kind = upToNextMajorVersion;
				minimumVersion = 9.0.0;
			};
		};
		4CE23DE72A1406AA00D875E8 /* XCRemoteSwiftPackageReference "realm-swift" */ = {
			isa = XCRemoteSwiftPackageReference;
			repositoryURL = "https://github.com/realm/realm-swift.git";
			requirement = {
				kind = upToNextMajorVersion;
				minimumVersion = 10.39.1;
			};
		};
		4CE23DEC2A14089900D875E8 /* XCRemoteSwiftPackageReference "Swinject" */ = {
			isa = XCRemoteSwiftPackageReference;
			repositoryURL = "https://github.com/Swinject/Swinject.git";
			requirement = {
				kind = upToNextMajorVersion;
				minimumVersion = 2.0.0;
			};
		};
/* End XCRemoteSwiftPackageReference section */

/* Begin XCSwiftPackageProductDependency section */
		4CE23DE32A13FC7700D875E8 /* FirebaseFirestore */ = {
			isa = XCSwiftPackageProductDependency;
			package = 4CE23DE22A13FC7700D875E8 /* XCRemoteSwiftPackageReference "firebase-ios-sdk" */;
			productName = FirebaseFirestore;
		};
		4CE23DE82A1406AA00D875E8 /* Realm */ = {
			isa = XCSwiftPackageProductDependency;
			package = 4CE23DE72A1406AA00D875E8 /* XCRemoteSwiftPackageReference "realm-swift" */;
			productName = Realm;
		};
		4CE23DEA2A1406AA00D875E8 /* RealmSwift */ = {
			isa = XCSwiftPackageProductDependency;
			package = 4CE23DE72A1406AA00D875E8 /* XCRemoteSwiftPackageReference "realm-swift" */;
			productName = RealmSwift;
		};
		4CE23DED2A14089900D875E8 /* Swinject */ = {
			isa = XCSwiftPackageProductDependency;
			package = 4CE23DEC2A14089900D875E8 /* XCRemoteSwiftPackageReference "Swinject" */;
			productName = Swinject;
		};
/* End XCSwiftPackageProductDependency section */
	};
	rootObject = 4CE23DA72A13987E00D875E8 /* Project object */;
}
